PODS:
  - Nuke (10.7.1)
  - Sparkle (2.3.2)
  - STPrivilegedTask (1.0.8)

DEPENDENCIES:
  - Nuke (~> 10.0)
  - Sparkle (~> 2.3)
  - STPrivilegedTask (from `https://github.com/rileytestut/STPrivilegedTask.git`)

SPEC REPOS:
  trunk:
    - Nuke
    - Sparkle

EXTERNAL SOURCES:
  STPrivilegedTask:
    :git: https://github.com/rileytestut/STPrivilegedTask.git

CHECKOUT OPTIONS:
  STPrivilegedTask:
    :commit: 02ab5081c4f1d7f6a70f5413c88d32dbbea66f4c
    :git: https://github.com/rileytestut/STPrivilegedTask.git

SPEC CHECKSUMS:
  Nuke: 279f17a599fd1c83cf51de5e0e1f2db143a287b0
  Sparkle: b36a51855e81585a1c38e32e53101d36c00f4304
  STPrivilegedTask: 3a3f6add7c567b1be8c326328eb3dd6dc5daed91

PODFILE CHECKSUM: c3f735f2bd43afbd34fff2b719ee9ce81912dd50

COCOAPODS: 1.16.2
