PODS:
  - KeychainAccess (3.2.0)
  - Nuke (7.6.3)
  - Sparkle (1.21.3)
  - STPrivilegedTask (1.0.1)

DEPENDENCIES:
  - KeychainAccess (~> 3.2.0)
  - Nuke (~> 7.0)
  - Sparkle
  - STPrivilegedTask

SPEC REPOS:
  https://github.com/cocoapods/specs.git:
    - KeychainAccess
    - Nuke
    - Sparkle
    - STPrivilegedTask

SPEC CHECKSUMS:
  KeychainAccess: 3b1bf8a77eb4c6ea1ce9404c292e48f948954c6b
  Nuke: 44130e95e09463f8773ae4b96b90de1eba6b3350
  Sparkle: 3f75576db8b0265adef36c43249d747f22d0b708
  STPrivilegedTask: 103f97827454e786074640cf89d303be344498c7

PODFILE CHECKSUM: 2dd891b7eed372ff86885b37e1af61424394ed3d

COCOAPODS: 1.6.1
