{
  "object": {
    "pins": [
      {
        "package": "AltSource",
        "repositoryURL": "https://github.com/rileytestut/AltSource.git",
        "state": {
          "branch": null,
          "revision": "a098c2d5759d2fa69df7e9407ce635df6a4e8b22",
          "version": null
        }
      },
      {
        "package": "nlohmann-json",
        "repositoryURL": "https://github.com/rileytestut/json.git",
        "state": {
          "branch": null,
          "revision": "57b349f48353fc517acb553d6ea367e1da678e1c",
          "version": null
        }
      },
      {
        "package": "LaunchAtLogin",
        "repositoryURL": "https://github.com/sindresorhus/LaunchAtLogin.git",
        "state": {
          "branch": null,
          "revision": "e8171b3e38a2816f579f58f3dac1522aa39efe41",
          "version": "4.2.0"
        }
      },
      {
        "package": "swift-argument-parser",
        "repositoryURL": "https://github.com/apple/swift-argument-parser.git",
        "state": {
          "branch": null,
          "revision": "c8ed701b513cf5177118a175d85fbbbcd707ab41",
          "version": "1.3.0"
        }
      }
    ]
  },
  "version": 1
}
