// !$*UTF8*$!
{
	archiveVersion = 1;
	classes = {
	};
	objectVersion = 50;
	objects = {

/* Begin PBXBuildFile section */
		BF458690229872EA00BD7491 /* AppDelegate.swift in Sources */ = {isa = PBXBuildFile; fileRef = BF45868F229872EA00BD7491 /* AppDelegate.swift */; };
		BF458692229872EA00BD7491 /* ViewController.swift in Sources */ = {isa = PBXBuildFile; fileRef = BF458691229872EA00BD7491 /* ViewController.swift */; };
		BF458694229872EA00BD7491 /* Assets.xcassets in Resources */ = {isa = PBXBuildFile; fileRef = BF458693229872EA00BD7491 /* Assets.xcassets */; };
		BF458697229872EA00BD7491 /* Main.storyboard in Resources */ = {isa = PBXBuildFile; fileRef = BF458695229872EA00BD7491 /* Main.storyboard */; };
		BF4586C52298CDB800BD7491 /* ALTDeviceManager.mm in Sources */ = {isa = PBXBuildFile; fileRef = BF4586C42298CDB800BD7491 /* ALTDeviceManager.mm */; };
		BF4587F82298D3AB00BD7491 /* service.h in Headers */ = {isa = PBXBuildFile; fileRef = BF4587C82298D3A800BD7491 /* service.h */; };
		BF4587F92298D3AB00BD7491 /* diagnostics_relay.c in Sources */ = {isa = PBXBuildFile; fileRef = BF4587C92298D3A800BD7491 /* diagnostics_relay.c */; };
		BF4587FA2298D3AB00BD7491 /* diagnostics_relay.h in Headers */ = {isa = PBXBuildFile; fileRef = BF4587CA2298D3A800BD7491 /* diagnostics_relay.h */; };
		BF4587FB2298D3AB00BD7491 /* notification_proxy.c in Sources */ = {isa = PBXBuildFile; fileRef = BF4587CB2298D3A800BD7491 /* notification_proxy.c */; };
		BF4587FC2298D3AB00BD7491 /* sbservices.c in Sources */ = {isa = PBXBuildFile; fileRef = BF4587CC2298D3A800BD7491 /* sbservices.c */; };
		BF4587FD2298D3AB00BD7491 /* sbservices.h in Headers */ = {isa = PBXBuildFile; fileRef = BF4587CD2298D3A800BD7491 /* sbservices.h */; };
		BF4587FE2298D3AB00BD7491 /* mobilebackup2.h in Headers */ = {isa = PBXBuildFile; fileRef = BF4587CE2298D3A800BD7491 /* mobilebackup2.h */; };
		BF4587FF2298D3AB00BD7491 /* heartbeat.c in Sources */ = {isa = PBXBuildFile; fileRef = BF4587CF2298D3A800BD7491 /* heartbeat.c */; };
		BF4588002298D3AB00BD7491 /* restore.h in Headers */ = {isa = PBXBuildFile; fileRef = BF4587D02298D3A800BD7491 /* restore.h */; };
		BF4588012298D3AB00BD7491 /* installation_proxy.h in Headers */ = {isa = PBXBuildFile; fileRef = BF4587D12298D3A800BD7491 /* installation_proxy.h */; };
		BF4588022298D3AB00BD7491 /* file_relay.c in Sources */ = {isa = PBXBuildFile; fileRef = BF4587D22298D3A800BD7491 /* file_relay.c */; };
		BF4588032298D3AB00BD7491 /* syslog_relay.c in Sources */ = {isa = PBXBuildFile; fileRef = BF4587D32298D3A800BD7491 /* syslog_relay.c */; };
		BF4588042298D3AB00BD7491 /* lockdown.h in Headers */ = {isa = PBXBuildFile; fileRef = BF4587D42298D3A800BD7491 /* lockdown.h */; };
		BF4588052298D3AB00BD7491 /* idevice.h in Headers */ = {isa = PBXBuildFile; fileRef = BF4587D52298D3A800BD7491 /* idevice.h */; };
		BF4588062298D3AB00BD7491 /* webinspector.c in Sources */ = {isa = PBXBuildFile; fileRef = BF4587D62298D3A800BD7491 /* webinspector.c */; };
		BF4588072298D3AB00BD7491 /* afc.c in Sources */ = {isa = PBXBuildFile; fileRef = BF4587D72298D3A800BD7491 /* afc.c */; };
		BF4588082298D3AB00BD7491 /* mobile_image_mounter.c in Sources */ = {isa = PBXBuildFile; fileRef = BF4587D82298D3A800BD7491 /* mobile_image_mounter.c */; };
		BF4588092298D3AB00BD7491 /* installation_proxy.c in Sources */ = {isa = PBXBuildFile; fileRef = BF4587D92298D3A900BD7491 /* installation_proxy.c */; };
		BF45880A2298D3AB00BD7491 /* screenshotr.h in Headers */ = {isa = PBXBuildFile; fileRef = BF4587DA2298D3A900BD7491 /* screenshotr.h */; };
		BF45880B2298D3AB00BD7491 /* mobilesync.h in Headers */ = {isa = PBXBuildFile; fileRef = BF4587DB2298D3A900BD7491 /* mobilesync.h */; };
		BF45880C2298D3AB00BD7491 /* mobilebackup2.c in Sources */ = {isa = PBXBuildFile; fileRef = BF4587DC2298D3A900BD7491 /* mobilebackup2.c */; };
		BF45880D2298D3AB00BD7491 /* mobilebackup.c in Sources */ = {isa = PBXBuildFile; fileRef = BF4587DD2298D3A900BD7491 /* mobilebackup.c */; };
		BF45880E2298D3AB00BD7491 /* debugserver.h in Headers */ = {isa = PBXBuildFile; fileRef = BF4587DE2298D3A900BD7491 /* debugserver.h */; };
		BF45880F2298D3AB00BD7491 /* debugserver.c in Sources */ = {isa = PBXBuildFile; fileRef = BF4587DF2298D3A900BD7491 /* debugserver.c */; };
		BF4588102298D3AB00BD7491 /* heartbeat.h in Headers */ = {isa = PBXBuildFile; fileRef = BF4587E02298D3A900BD7491 /* heartbeat.h */; };
		BF4588112298D3AB00BD7491 /* misagent.h in Headers */ = {isa = PBXBuildFile; fileRef = BF4587E12298D3A900BD7491 /* misagent.h */; };
		BF4588122298D3AB00BD7491 /* house_arrest.h in Headers */ = {isa = PBXBuildFile; fileRef = BF4587E22298D3A900BD7491 /* house_arrest.h */; };
		BF4588132298D3AB00BD7491 /* notification_proxy.h in Headers */ = {isa = PBXBuildFile; fileRef = BF4587E32298D3A900BD7491 /* notification_proxy.h */; };
		BF4588142298D3AB00BD7491 /* device_link_service.c in Sources */ = {isa = PBXBuildFile; fileRef = BF4587E42298D3A900BD7491 /* device_link_service.c */; };
		BF4588152298D3AB00BD7491 /* mobilebackup.h in Headers */ = {isa = PBXBuildFile; fileRef = BF4587E52298D3A900BD7491 /* mobilebackup.h */; };
		BF4588162298D3AB00BD7491 /* restore.c in Sources */ = {isa = PBXBuildFile; fileRef = BF4587E62298D3A900BD7491 /* restore.c */; };
		BF4588172298D3AB00BD7491 /* screenshotr.c in Sources */ = {isa = PBXBuildFile; fileRef = BF4587E72298D3A900BD7491 /* screenshotr.c */; };
		BF4588182298D3AB00BD7491 /* syslog_relay.h in Headers */ = {isa = PBXBuildFile; fileRef = BF4587E82298D3A900BD7491 /* syslog_relay.h */; };
		BF4588192298D3AB00BD7491 /* webinspector.h in Headers */ = {isa = PBXBuildFile; fileRef = BF4587E92298D3AA00BD7491 /* webinspector.h */; };
		BF45881A2298D3AB00BD7491 /* mobileactivation.h in Headers */ = {isa = PBXBuildFile; fileRef = BF4587EA2298D3AA00BD7491 /* mobileactivation.h */; };
		BF45881B2298D3AB00BD7491 /* house_arrest.c in Sources */ = {isa = PBXBuildFile; fileRef = BF4587EB2298D3AA00BD7491 /* house_arrest.c */; };
		BF45881C2298D3AB00BD7491 /* afc.h in Headers */ = {isa = PBXBuildFile; fileRef = BF4587EC2298D3AA00BD7491 /* afc.h */; };
		BF45881D2298D3AB00BD7491 /* file_relay.h in Headers */ = {isa = PBXBuildFile; fileRef = BF4587ED2298D3AA00BD7491 /* file_relay.h */; };
		BF45881E2298D3AB00BD7491 /* misagent.c in Sources */ = {isa = PBXBuildFile; fileRef = BF4587EE2298D3AA00BD7491 /* misagent.c */; };
		BF45881F2298D3AB00BD7491 /* device_link_service.h in Headers */ = {isa = PBXBuildFile; fileRef = BF4587EF2298D3AA00BD7491 /* device_link_service.h */; };
		BF4588202298D3AB00BD7491 /* mobile_image_mounter.h in Headers */ = {isa = PBXBuildFile; fileRef = BF4587F02298D3AA00BD7491 /* mobile_image_mounter.h */; };
		BF4588212298D3AB00BD7491 /* idevice.c in Sources */ = {isa = PBXBuildFile; fileRef = BF4587F12298D3AA00BD7491 /* idevice.c */; };
		BF4588222298D3AB00BD7491 /* mobileactivation.c in Sources */ = {isa = PBXBuildFile; fileRef = BF4587F22298D3AA00BD7491 /* mobileactivation.c */; };
		BF4588232298D3AB00BD7491 /* mobilesync.c in Sources */ = {isa = PBXBuildFile; fileRef = BF4587F32298D3AA00BD7491 /* mobilesync.c */; };
		BF4588242298D3AB00BD7491 /* property_list_service.c in Sources */ = {isa = PBXBuildFile; fileRef = BF4587F42298D3AA00BD7491 /* property_list_service.c */; };
		BF4588252298D3AB00BD7491 /* property_list_service.h in Headers */ = {isa = PBXBuildFile; fileRef = BF4587F52298D3AA00BD7491 /* property_list_service.h */; };
		BF4588262298D3AB00BD7491 /* lockdown.c in Sources */ = {isa = PBXBuildFile; fileRef = BF4587F62298D3AB00BD7491 /* lockdown.c */; };
		BF4588272298D3AB00BD7491 /* service.c in Sources */ = {isa = PBXBuildFile; fileRef = BF4587F72298D3AB00BD7491 /* service.c */; };
		BF4588332298D3C100BD7491 /* socket.h in Headers */ = {isa = PBXBuildFile; fileRef = BF4588292298D3C000BD7491 /* socket.h */; };
		BF4588342298D3C100BD7491 /* userpref.h in Headers */ = {isa = PBXBuildFile; fileRef = BF45882A2298D3C000BD7491 /* userpref.h */; };
		BF4588352298D3C100BD7491 /* userpref.c in Sources */ = {isa = PBXBuildFile; fileRef = BF45882B2298D3C000BD7491 /* userpref.c */; };
		BF4588362298D3C100BD7491 /* debug.h in Headers */ = {isa = PBXBuildFile; fileRef = BF45882C2298D3C000BD7491 /* debug.h */; };
		BF4588372298D3C100BD7491 /* utils.c in Sources */ = {isa = PBXBuildFile; fileRef = BF45882D2298D3C000BD7491 /* utils.c */; };
		BF4588392298D3C100BD7491 /* socket.c in Sources */ = {isa = PBXBuildFile; fileRef = BF45882F2298D3C000BD7491 /* socket.c */; };
		BF45883A2298D3C100BD7491 /* debug.c in Sources */ = {isa = PBXBuildFile; fileRef = BF4588302298D3C000BD7491 /* debug.c */; };
		BF45883C2298D3C100BD7491 /* utils.h in Headers */ = {isa = PBXBuildFile; fileRef = BF4588322298D3C100BD7491 /* utils.h */; };
		BF4588402298D3F800BD7491 /* collection.h in Headers */ = {isa = PBXBuildFile; fileRef = BF45883E2298D3F800BD7491 /* collection.h */; };
		BF4588412298D3F800BD7491 /* collection.c in Sources */ = {isa = PBXBuildFile; fileRef = BF45883F2298D3F800BD7491 /* collection.c */; };
		BF4588432298D40000BD7491 /* libusbmuxd.c in Sources */ = {isa = PBXBuildFile; fileRef = BF4588422298D40000BD7491 /* libusbmuxd.c */; };
		BF4588472298D4B000BD7491 /* libimobiledevice.a in Frameworks */ = {isa = PBXBuildFile; fileRef = BF45872B2298D31600BD7491 /* libimobiledevice.a */; };
		BF45884A2298D55000BD7491 /* thread.c in Sources */ = {isa = PBXBuildFile; fileRef = BF4588482298D55000BD7491 /* thread.c */; };
		BF45884B2298D55000BD7491 /* thread.h in Headers */ = {isa = PBXBuildFile; fileRef = BF4588492298D55000BD7491 /* thread.h */; };
		BF4588552298DC5400BD7491 /* openssl.framework in Frameworks */ = {isa = PBXBuildFile; fileRef = BF4588542298DC5400BD7491 /* openssl.framework */; };
		BF45886F2298DCDE00BD7491 /* Uid.cpp in Sources */ = {isa = PBXBuildFile; fileRef = BF4588572298DCDC00BD7491 /* Uid.cpp */; };
		BF4588702298DCDE00BD7491 /* base64.c in Sources */ = {isa = PBXBuildFile; fileRef = BF4588582298DCDC00BD7491 /* base64.c */; };
		BF4588712298DCDE00BD7491 /* Date.cpp in Sources */ = {isa = PBXBuildFile; fileRef = BF4588592298DCDC00BD7491 /* Date.cpp */; };
		BF4588722298DCDE00BD7491 /* bplist.c in Sources */ = {isa = PBXBuildFile; fileRef = BF45885A2298DCDC00BD7491 /* bplist.c */; };
		BF4588732298DCDE00BD7491 /* Key.cpp in Sources */ = {isa = PBXBuildFile; fileRef = BF45885B2298DCDC00BD7491 /* Key.cpp */; };
		BF4588742298DCDE00BD7491 /* bytearray.c in Sources */ = {isa = PBXBuildFile; fileRef = BF45885C2298DCDD00BD7491 /* bytearray.c */; };
		BF4588752298DCDE00BD7491 /* Boolean.cpp in Sources */ = {isa = PBXBuildFile; fileRef = BF45885D2298DCDD00BD7491 /* Boolean.cpp */; };
		BF4588762298DCDE00BD7491 /* String.cpp in Sources */ = {isa = PBXBuildFile; fileRef = BF45885E2298DCDD00BD7491 /* String.cpp */; };
		BF4588772298DCDE00BD7491 /* Integer.cpp in Sources */ = {isa = PBXBuildFile; fileRef = BF45885F2298DCDD00BD7491 /* Integer.cpp */; };
		BF4588782298DCDE00BD7491 /* Dictionary.cpp in Sources */ = {isa = PBXBuildFile; fileRef = BF4588602298DCDD00BD7491 /* Dictionary.cpp */; };
		BF4588792298DCDE00BD7491 /* Data.cpp in Sources */ = {isa = PBXBuildFile; fileRef = BF4588612298DCDD00BD7491 /* Data.cpp */; };
		BF45887A2298DCDE00BD7491 /* Node.cpp in Sources */ = {isa = PBXBuildFile; fileRef = BF4588622298DCDD00BD7491 /* Node.cpp */; };
		BF45887B2298DCDE00BD7491 /* plist.c in Sources */ = {isa = PBXBuildFile; fileRef = BF4588632298DCDD00BD7491 /* plist.c */; };
		BF45887C2298DCDE00BD7491 /* xplist.c in Sources */ = {isa = PBXBuildFile; fileRef = BF4588642298DCDD00BD7491 /* xplist.c */; };
		BF45887D2298DCDE00BD7491 /* Array.cpp in Sources */ = {isa = PBXBuildFile; fileRef = BF4588652298DCDD00BD7491 /* Array.cpp */; };
		BF45887E2298DCDE00BD7491 /* hashtable.h in Headers */ = {isa = PBXBuildFile; fileRef = BF4588662298DCDD00BD7491 /* hashtable.h */; };
		BF45887F2298DCDE00BD7491 /* plist.h in Headers */ = {isa = PBXBuildFile; fileRef = BF4588672298DCDD00BD7491 /* plist.h */; };
		BF4588802298DCDE00BD7491 /* Structure.cpp in Sources */ = {isa = PBXBuildFile; fileRef = BF4588682298DCDD00BD7491 /* Structure.cpp */; };
		BF4588812298DCDE00BD7491 /* bytearray.h in Headers */ = {isa = PBXBuildFile; fileRef = BF4588692298DCDD00BD7491 /* bytearray.h */; };
		BF4588822298DCDE00BD7491 /* hashtable.c in Sources */ = {isa = PBXBuildFile; fileRef = BF45886A2298DCDD00BD7491 /* hashtable.c */; };
		BF4588832298DCDE00BD7491 /* ptrarray.h in Headers */ = {isa = PBXBuildFile; fileRef = BF45886B2298DCDD00BD7491 /* ptrarray.h */; };
		BF4588842298DCDE00BD7491 /* Real.cpp in Sources */ = {isa = PBXBuildFile; fileRef = BF45886C2298DCDD00BD7491 /* Real.cpp */; };
		BF4588852298DCDE00BD7491 /* base64.h in Headers */ = {isa = PBXBuildFile; fileRef = BF45886D2298DCDD00BD7491 /* base64.h */; };
		BF4588862298DCDE00BD7491 /* ptrarray.c in Sources */ = {isa = PBXBuildFile; fileRef = BF45886E2298DCDE00BD7491 /* ptrarray.c */; };
		BF4588882298DD3F00BD7491 /* libxml2.tbd in Frameworks */ = {isa = PBXBuildFile; fileRef = BF4588872298DD3F00BD7491 /* libxml2.tbd */; };
		BF4588902298DE0C00BD7491 /* list.c in Sources */ = {isa = PBXBuildFile; fileRef = BF45888A2298DE0B00BD7491 /* list.c */; };
		BF4588912298DE0C00BD7491 /* node_iterator.c in Sources */ = {isa = PBXBuildFile; fileRef = BF45888B2298DE0C00BD7491 /* node_iterator.c */; };
		BF4588922298DE0C00BD7491 /* node_list.c in Sources */ = {isa = PBXBuildFile; fileRef = BF45888C2298DE0C00BD7491 /* node_list.c */; };
		BF4588932298DE0C00BD7491 /* iterator.c in Sources */ = {isa = PBXBuildFile; fileRef = BF45888D2298DE0C00BD7491 /* iterator.c */; };
		BF4588942298DE0C00BD7491 /* cnary.c in Sources */ = {isa = PBXBuildFile; fileRef = BF45888E2298DE0C00BD7491 /* cnary.c */; };
		BF4588952298DE0C00BD7491 /* node.c in Sources */ = {isa = PBXBuildFile; fileRef = BF45888F2298DE0C00BD7491 /* node.c */; };
		BF4588972298DE6E00BD7491 /* libzip.framework in Frameworks */ = {isa = PBXBuildFile; fileRef = BF4588962298DE6E00BD7491 /* libzip.framework */; };
		BF5AB3A82285FE7500DC914B /* AltSign.framework in Frameworks */ = {isa = PBXBuildFile; fileRef = BF5AB3A72285FE6C00DC914B /* AltSign.framework */; };
		BF5AB3A92285FE7500DC914B /* AltSign.framework in Embed Frameworks */ = {isa = PBXBuildFile; fileRef = BF5AB3A72285FE6C00DC914B /* AltSign.framework */; settings = {ATTRIBUTES = (CodeSignOnCopy, RemoveHeadersOnCopy, ); }; };
		BF9B63C6229DD44E002F0A62 /* AltSign.framework in Frameworks */ = {isa = PBXBuildFile; fileRef = BF9B63C5229DD44D002F0A62 /* AltSign.framework */; };
		BF9B63F6229DE476002F0A62 /* App.ipa in Resources */ = {isa = PBXBuildFile; fileRef = BF9B63F5229DE476002F0A62 /* App.ipa */; };
		BF9B6426229E1331002F0A62 /* Result+Conveniences.swift in Sources */ = {isa = PBXBuildFile; fileRef = BF9B6425229E1331002F0A62 /* Result+Conveniences.swift */; };
		BFB11692229322E400BB457C /* DatabaseManager.swift in Sources */ = {isa = PBXBuildFile; fileRef = BFB11691229322E400BB457C /* DatabaseManager.swift */; };
		BFB1169B2293274D00BB457C /* JSONDecoder+ManagedObjectContext.swift in Sources */ = {isa = PBXBuildFile; fileRef = BFB1169A2293274D00BB457C /* JSONDecoder+ManagedObjectContext.swift */; };
		BFB1169D22932DB100BB457C /* Apps.json in Resources */ = {isa = PBXBuildFile; fileRef = BFB1169C22932DB100BB457C /* Apps.json */; };
		BFB116A022933DEB00BB457C /* UpdatesViewController.swift in Sources */ = {isa = PBXBuildFile; fileRef = BFB1169F22933DEB00BB457C /* UpdatesViewController.swift */; };
		BFBBE2DD22931B20002097FA /* AltStore.xcdatamodeld in Sources */ = {isa = PBXBuildFile; fileRef = BFBBE2DB22931B20002097FA /* AltStore.xcdatamodeld */; };
		BFBBE2DF22931F73002097FA /* App.swift in Sources */ = {isa = PBXBuildFile; fileRef = BFBBE2DE22931F73002097FA /* App.swift */; };
		BFBBE2E122931F81002097FA /* InstalledApp.swift in Sources */ = {isa = PBXBuildFile; fileRef = BFBBE2E022931F81002097FA /* InstalledApp.swift */; };
		BFD2476E2284B9A500981D42 /* AppDelegate.swift in Sources */ = {isa = PBXBuildFile; fileRef = BFD2476D2284B9A500981D42 /* AppDelegate.swift */; };
		BFD247702284B9A500981D42 /* AppsViewController.swift in Sources */ = {isa = PBXBuildFile; fileRef = BFD2476F2284B9A500981D42 /* AppsViewController.swift */; };
		BFD247722284B9A500981D42 /* MyAppsViewController.swift in Sources */ = {isa = PBXBuildFile; fileRef = BFD247712284B9A500981D42 /* MyAppsViewController.swift */; };
		BFD247752284B9A500981D42 /* Main.storyboard in Resources */ = {isa = PBXBuildFile; fileRef = BFD247732284B9A500981D42 /* Main.storyboard */; };
		BFD247772284B9A700981D42 /* Assets.xcassets in Resources */ = {isa = PBXBuildFile; fileRef = BFD247762284B9A700981D42 /* Assets.xcassets */; };
		BFD2477A2284B9A700981D42 /* LaunchScreen.storyboard in Resources */ = {isa = PBXBuildFile; fileRef = BFD247782284B9A700981D42 /* LaunchScreen.storyboard */; };
		BFD247872284BB4200981D42 /* Roxas.framework in Frameworks */ = {isa = PBXBuildFile; fileRef = BFD247862284BB3B00981D42 /* Roxas.framework */; };
		BFD247882284BB4200981D42 /* Roxas.framework in Embed Frameworks */ = {isa = PBXBuildFile; fileRef = BFD247862284BB3B00981D42 /* Roxas.framework */; settings = {ATTRIBUTES = (CodeSignOnCopy, RemoveHeadersOnCopy, ); }; };
		BFD2478C2284C4C300981D42 /* AppIconImageView.swift in Sources */ = {isa = PBXBuildFile; fileRef = BFD2478B2284C4C300981D42 /* AppIconImageView.swift */; };
		BFD2478F2284C8F900981D42 /* Button.swift in Sources */ = {isa = PBXBuildFile; fileRef = BFD2478E2284C8F900981D42 /* Button.swift */; };
		BFD247932284D4B700981D42 /* AppTableViewCell.swift in Sources */ = {isa = PBXBuildFile; fileRef = BFD247922284D4B700981D42 /* AppTableViewCell.swift */; };
		BFD2479C2284E19A00981D42 /* AppDetailViewController.swift in Sources */ = {isa = PBXBuildFile; fileRef = BFD2479B2284E19A00981D42 /* AppDetailViewController.swift */; };
		BFD2479F2284FBD000981D42 /* UIColor+AltStore.swift in Sources */ = {isa = PBXBuildFile; fileRef = BFD2479E2284FBD000981D42 /* UIColor+AltStore.swift */; };
/* End PBXBuildFile section */

/* Begin PBXContainerItemProxy section */
		BF4588442298D48B00BD7491 /* PBXContainerItemProxy */ = {
			isa = PBXContainerItemProxy;
			containerPortal = BFD247622284B9A500981D42 /* Project object */;
			proxyType = 1;
			remoteGlobalIDString = BF45872A2298D31600BD7491;
			remoteInfo = libimobiledevice;
		};
/* End PBXContainerItemProxy section */

/* Begin PBXCopyFilesBuildPhase section */
		BF9B6324229DBBED002F0A62 /* Embed Frameworks */ = {
			isa = PBXCopyFilesBuildPhase;
			buildActionMask = 2147483647;
			dstPath = "";
			dstSubfolderSpec = 10;
			files = (
			);
			name = "Embed Frameworks";
			runOnlyForDeploymentPostprocessing = 0;
		};
		BFD247842284BB2C00981D42 /* Embed Frameworks */ = {
			isa = PBXCopyFilesBuildPhase;
			buildActionMask = 2147483647;
			dstPath = "";
			dstSubfolderSpec = 10;
			files = (
				BFD247882284BB4200981D42 /* Roxas.framework in Embed Frameworks */,
				BF5AB3A92285FE7500DC914B /* AltSign.framework in Embed Frameworks */,
			);
			name = "Embed Frameworks";
			runOnlyForDeploymentPostprocessing = 0;
		};
/* End PBXCopyFilesBuildPhase section */

/* Begin PBXFileReference section */
		BF45868D229872EA00BD7491 /* AltServer.app */ = {isa = PBXFileReference; explicitFileType = wrapper.application; includeInIndex = 0; path = AltServer.app; sourceTree = BUILT_PRODUCTS_DIR; };
		BF45868F229872EA00BD7491 /* AppDelegate.swift */ = {isa = PBXFileReference; lastKnownFileType = sourcecode.swift; path = AppDelegate.swift; sourceTree = "<group>"; };
		BF458691229872EA00BD7491 /* ViewController.swift */ = {isa = PBXFileReference; lastKnownFileType = sourcecode.swift; path = ViewController.swift; sourceTree = "<group>"; };
		BF458693229872EA00BD7491 /* Assets.xcassets */ = {isa = PBXFileReference; lastKnownFileType = folder.assetcatalog; path = Assets.xcassets; sourceTree = "<group>"; };
		BF458696229872EA00BD7491 /* Base */ = {isa = PBXFileReference; lastKnownFileType = file.storyboard; name = Base; path = Base.lproj/Main.storyboard; sourceTree = "<group>"; };
		BF458698229872EA00BD7491 /* Info.plist */ = {isa = PBXFileReference; lastKnownFileType = text.plist.xml; path = Info.plist; sourceTree = "<group>"; };
		BF458699229872EA00BD7491 /* AltServer.entitlements */ = {isa = PBXFileReference; lastKnownFileType = text.plist.entitlements; path = AltServer.entitlements; sourceTree = "<group>"; };
		BF4586C22298CDB800BD7491 /* AltServer-Bridging-Header.h */ = {isa = PBXFileReference; lastKnownFileType = sourcecode.c.h; path = "AltServer-Bridging-Header.h"; sourceTree = "<group>"; };
		BF4586C32298CDB800BD7491 /* ALTDeviceManager.h */ = {isa = PBXFileReference; lastKnownFileType = sourcecode.c.h; path = ALTDeviceManager.h; sourceTree = "<group>"; };
		BF4586C42298CDB800BD7491 /* ALTDeviceManager.mm */ = {isa = PBXFileReference; lastKnownFileType = sourcecode.cpp.objcpp; path = ALTDeviceManager.mm; sourceTree = "<group>"; };
		BF45872B2298D31600BD7491 /* libimobiledevice.a */ = {isa = PBXFileReference; explicitFileType = archive.ar; includeInIndex = 0; path = libimobiledevice.a; sourceTree = BUILT_PRODUCTS_DIR; };
		BF4587C82298D3A800BD7491 /* service.h */ = {isa = PBXFileReference; fileEncoding = 4; lastKnownFileType = sourcecode.c.h; name = service.h; path = Dependencies/libimobiledevice/src/service.h; sourceTree = SOURCE_ROOT; };
		BF4587C92298D3A800BD7491 /* diagnostics_relay.c */ = {isa = PBXFileReference; fileEncoding = 4; lastKnownFileType = sourcecode.c.c; name = diagnostics_relay.c; path = Dependencies/libimobiledevice/src/diagnostics_relay.c; sourceTree = SOURCE_ROOT; };
		BF4587CA2298D3A800BD7491 /* diagnostics_relay.h */ = {isa = PBXFileReference; fileEncoding = 4; lastKnownFileType = sourcecode.c.h; name = diagnostics_relay.h; path = Dependencies/libimobiledevice/src/diagnostics_relay.h; sourceTree = SOURCE_ROOT; };
		BF4587CB2298D3A800BD7491 /* notification_proxy.c */ = {isa = PBXFileReference; fileEncoding = 4; lastKnownFileType = sourcecode.c.c; name = notification_proxy.c; path = Dependencies/libimobiledevice/src/notification_proxy.c; sourceTree = SOURCE_ROOT; };
		BF4587CC2298D3A800BD7491 /* sbservices.c */ = {isa = PBXFileReference; fileEncoding = 4; lastKnownFileType = sourcecode.c.c; name = sbservices.c; path = Dependencies/libimobiledevice/src/sbservices.c; sourceTree = SOURCE_ROOT; };
		BF4587CD2298D3A800BD7491 /* sbservices.h */ = {isa = PBXFileReference; fileEncoding = 4; lastKnownFileType = sourcecode.c.h; name = sbservices.h; path = Dependencies/libimobiledevice/src/sbservices.h; sourceTree = SOURCE_ROOT; };
		BF4587CE2298D3A800BD7491 /* mobilebackup2.h */ = {isa = PBXFileReference; fileEncoding = 4; lastKnownFileType = sourcecode.c.h; name = mobilebackup2.h; path = Dependencies/libimobiledevice/src/mobilebackup2.h; sourceTree = SOURCE_ROOT; };
		BF4587CF2298D3A800BD7491 /* heartbeat.c */ = {isa = PBXFileReference; fileEncoding = 4; lastKnownFileType = sourcecode.c.c; name = heartbeat.c; path = Dependencies/libimobiledevice/src/heartbeat.c; sourceTree = SOURCE_ROOT; };
		BF4587D02298D3A800BD7491 /* restore.h */ = {isa = PBXFileReference; fileEncoding = 4; lastKnownFileType = sourcecode.c.h; name = restore.h; path = Dependencies/libimobiledevice/src/restore.h; sourceTree = SOURCE_ROOT; };
		BF4587D12298D3A800BD7491 /* installation_proxy.h */ = {isa = PBXFileReference; fileEncoding = 4; lastKnownFileType = sourcecode.c.h; name = installation_proxy.h; path = Dependencies/libimobiledevice/src/installation_proxy.h; sourceTree = SOURCE_ROOT; };
		BF4587D22298D3A800BD7491 /* file_relay.c */ = {isa = PBXFileReference; fileEncoding = 4; lastKnownFileType = sourcecode.c.c; name = file_relay.c; path = Dependencies/libimobiledevice/src/file_relay.c; sourceTree = SOURCE_ROOT; };
		BF4587D32298D3A800BD7491 /* syslog_relay.c */ = {isa = PBXFileReference; fileEncoding = 4; lastKnownFileType = sourcecode.c.c; name = syslog_relay.c; path = Dependencies/libimobiledevice/src/syslog_relay.c; sourceTree = SOURCE_ROOT; };
		BF4587D42298D3A800BD7491 /* lockdown.h */ = {isa = PBXFileReference; fileEncoding = 4; lastKnownFileType = sourcecode.c.h; name = lockdown.h; path = Dependencies/libimobiledevice/src/lockdown.h; sourceTree = SOURCE_ROOT; };
		BF4587D52298D3A800BD7491 /* idevice.h */ = {isa = PBXFileReference; fileEncoding = 4; lastKnownFileType = sourcecode.c.h; name = idevice.h; path = Dependencies/libimobiledevice/src/idevice.h; sourceTree = SOURCE_ROOT; };
		BF4587D62298D3A800BD7491 /* webinspector.c */ = {isa = PBXFileReference; fileEncoding = 4; lastKnownFileType = sourcecode.c.c; name = webinspector.c; path = Dependencies/libimobiledevice/src/webinspector.c; sourceTree = SOURCE_ROOT; };
		BF4587D72298D3A800BD7491 /* afc.c */ = {isa = PBXFileReference; fileEncoding = 4; lastKnownFileType = sourcecode.c.c; name = afc.c; path = Dependencies/libimobiledevice/src/afc.c; sourceTree = SOURCE_ROOT; };
		BF4587D82298D3A800BD7491 /* mobile_image_mounter.c */ = {isa = PBXFileReference; fileEncoding = 4; lastKnownFileType = sourcecode.c.c; name = mobile_image_mounter.c; path = Dependencies/libimobiledevice/src/mobile_image_mounter.c; sourceTree = SOURCE_ROOT; };
		BF4587D92298D3A900BD7491 /* installation_proxy.c */ = {isa = PBXFileReference; fileEncoding = 4; lastKnownFileType = sourcecode.c.c; name = installation_proxy.c; path = Dependencies/libimobiledevice/src/installation_proxy.c; sourceTree = SOURCE_ROOT; };
		BF4587DA2298D3A900BD7491 /* screenshotr.h */ = {isa = PBXFileReference; fileEncoding = 4; lastKnownFileType = sourcecode.c.h; name = screenshotr.h; path = Dependencies/libimobiledevice/src/screenshotr.h; sourceTree = SOURCE_ROOT; };
		BF4587DB2298D3A900BD7491 /* mobilesync.h */ = {isa = PBXFileReference; fileEncoding = 4; lastKnownFileType = sourcecode.c.h; name = mobilesync.h; path = Dependencies/libimobiledevice/src/mobilesync.h; sourceTree = SOURCE_ROOT; };
		BF4587DC2298D3A900BD7491 /* mobilebackup2.c */ = {isa = PBXFileReference; fileEncoding = 4; lastKnownFileType = sourcecode.c.c; name = mobilebackup2.c; path = Dependencies/libimobiledevice/src/mobilebackup2.c; sourceTree = SOURCE_ROOT; };
		BF4587DD2298D3A900BD7491 /* mobilebackup.c */ = {isa = PBXFileReference; fileEncoding = 4; lastKnownFileType = sourcecode.c.c; name = mobilebackup.c; path = Dependencies/libimobiledevice/src/mobilebackup.c; sourceTree = SOURCE_ROOT; };
		BF4587DE2298D3A900BD7491 /* debugserver.h */ = {isa = PBXFileReference; fileEncoding = 4; lastKnownFileType = sourcecode.c.h; name = debugserver.h; path = Dependencies/libimobiledevice/src/debugserver.h; sourceTree = SOURCE_ROOT; };
		BF4587DF2298D3A900BD7491 /* debugserver.c */ = {isa = PBXFileReference; fileEncoding = 4; lastKnownFileType = sourcecode.c.c; name = debugserver.c; path = Dependencies/libimobiledevice/src/debugserver.c; sourceTree = SOURCE_ROOT; };
		BF4587E02298D3A900BD7491 /* heartbeat.h */ = {isa = PBXFileReference; fileEncoding = 4; lastKnownFileType = sourcecode.c.h; name = heartbeat.h; path = Dependencies/libimobiledevice/src/heartbeat.h; sourceTree = SOURCE_ROOT; };
		BF4587E12298D3A900BD7491 /* misagent.h */ = {isa = PBXFileReference; fileEncoding = 4; lastKnownFileType = sourcecode.c.h; name = misagent.h; path = Dependencies/libimobiledevice/src/misagent.h; sourceTree = SOURCE_ROOT; };
		BF4587E22298D3A900BD7491 /* house_arrest.h */ = {isa = PBXFileReference; fileEncoding = 4; lastKnownFileType = sourcecode.c.h; name = house_arrest.h; path = Dependencies/libimobiledevice/src/house_arrest.h; sourceTree = SOURCE_ROOT; };
		BF4587E32298D3A900BD7491 /* notification_proxy.h */ = {isa = PBXFileReference; fileEncoding = 4; lastKnownFileType = sourcecode.c.h; name = notification_proxy.h; path = Dependencies/libimobiledevice/src/notification_proxy.h; sourceTree = SOURCE_ROOT; };
		BF4587E42298D3A900BD7491 /* device_link_service.c */ = {isa = PBXFileReference; fileEncoding = 4; lastKnownFileType = sourcecode.c.c; name = device_link_service.c; path = Dependencies/libimobiledevice/src/device_link_service.c; sourceTree = SOURCE_ROOT; };
		BF4587E52298D3A900BD7491 /* mobilebackup.h */ = {isa = PBXFileReference; fileEncoding = 4; lastKnownFileType = sourcecode.c.h; name = mobilebackup.h; path = Dependencies/libimobiledevice/src/mobilebackup.h; sourceTree = SOURCE_ROOT; };
		BF4587E62298D3A900BD7491 /* restore.c */ = {isa = PBXFileReference; fileEncoding = 4; lastKnownFileType = sourcecode.c.c; name = restore.c; path = Dependencies/libimobiledevice/src/restore.c; sourceTree = SOURCE_ROOT; };
		BF4587E72298D3A900BD7491 /* screenshotr.c */ = {isa = PBXFileReference; fileEncoding = 4; lastKnownFileType = sourcecode.c.c; name = screenshotr.c; path = Dependencies/libimobiledevice/src/screenshotr.c; sourceTree = SOURCE_ROOT; };
		BF4587E82298D3A900BD7491 /* syslog_relay.h */ = {isa = PBXFileReference; fileEncoding = 4; lastKnownFileType = sourcecode.c.h; name = syslog_relay.h; path = Dependencies/libimobiledevice/src/syslog_relay.h; sourceTree = SOURCE_ROOT; };
		BF4587E92298D3AA00BD7491 /* webinspector.h */ = {isa = PBXFileReference; fileEncoding = 4; lastKnownFileType = sourcecode.c.h; name = webinspector.h; path = Dependencies/libimobiledevice/src/webinspector.h; sourceTree = SOURCE_ROOT; };
		BF4587EA2298D3AA00BD7491 /* mobileactivation.h */ = {isa = PBXFileReference; fileEncoding = 4; lastKnownFileType = sourcecode.c.h; name = mobileactivation.h; path = Dependencies/libimobiledevice/src/mobileactivation.h; sourceTree = SOURCE_ROOT; };
		BF4587EB2298D3AA00BD7491 /* house_arrest.c */ = {isa = PBXFileReference; fileEncoding = 4; lastKnownFileType = sourcecode.c.c; name = house_arrest.c; path = Dependencies/libimobiledevice/src/house_arrest.c; sourceTree = SOURCE_ROOT; };
		BF4587EC2298D3AA00BD7491 /* afc.h */ = {isa = PBXFileReference; fileEncoding = 4; lastKnownFileType = sourcecode.c.h; name = afc.h; path = Dependencies/libimobiledevice/src/afc.h; sourceTree = SOURCE_ROOT; };
		BF4587ED2298D3AA00BD7491 /* file_relay.h */ = {isa = PBXFileReference; fileEncoding = 4; lastKnownFileType = sourcecode.c.h; name = file_relay.h; path = Dependencies/libimobiledevice/src/file_relay.h; sourceTree = SOURCE_ROOT; };
		BF4587EE2298D3AA00BD7491 /* misagent.c */ = {isa = PBXFileReference; fileEncoding = 4; lastKnownFileType = sourcecode.c.c; name = misagent.c; path = Dependencies/libimobiledevice/src/misagent.c; sourceTree = SOURCE_ROOT; };
		BF4587EF2298D3AA00BD7491 /* device_link_service.h */ = {isa = PBXFileReference; fileEncoding = 4; lastKnownFileType = sourcecode.c.h; name = device_link_service.h; path = Dependencies/libimobiledevice/src/device_link_service.h; sourceTree = SOURCE_ROOT; };
		BF4587F02298D3AA00BD7491 /* mobile_image_mounter.h */ = {isa = PBXFileReference; fileEncoding = 4; lastKnownFileType = sourcecode.c.h; name = mobile_image_mounter.h; path = Dependencies/libimobiledevice/src/mobile_image_mounter.h; sourceTree = SOURCE_ROOT; };
		BF4587F12298D3AA00BD7491 /* idevice.c */ = {isa = PBXFileReference; fileEncoding = 4; lastKnownFileType = sourcecode.c.c; name = idevice.c; path = Dependencies/libimobiledevice/src/idevice.c; sourceTree = SOURCE_ROOT; };
		BF4587F22298D3AA00BD7491 /* mobileactivation.c */ = {isa = PBXFileReference; fileEncoding = 4; lastKnownFileType = sourcecode.c.c; name = mobileactivation.c; path = Dependencies/libimobiledevice/src/mobileactivation.c; sourceTree = SOURCE_ROOT; };
		BF4587F32298D3AA00BD7491 /* mobilesync.c */ = {isa = PBXFileReference; fileEncoding = 4; lastKnownFileType = sourcecode.c.c; name = mobilesync.c; path = Dependencies/libimobiledevice/src/mobilesync.c; sourceTree = SOURCE_ROOT; };
		BF4587F42298D3AA00BD7491 /* property_list_service.c */ = {isa = PBXFileReference; fileEncoding = 4; lastKnownFileType = sourcecode.c.c; name = property_list_service.c; path = Dependencies/libimobiledevice/src/property_list_service.c; sourceTree = SOURCE_ROOT; };
		BF4587F52298D3AA00BD7491 /* property_list_service.h */ = {isa = PBXFileReference; fileEncoding = 4; lastKnownFileType = sourcecode.c.h; name = property_list_service.h; path = Dependencies/libimobiledevice/src/property_list_service.h; sourceTree = SOURCE_ROOT; };
		BF4587F62298D3AB00BD7491 /* lockdown.c */ = {isa = PBXFileReference; fileEncoding = 4; lastKnownFileType = sourcecode.c.c; name = lockdown.c; path = Dependencies/libimobiledevice/src/lockdown.c; sourceTree = SOURCE_ROOT; };
		BF4587F72298D3AB00BD7491 /* service.c */ = {isa = PBXFileReference; fileEncoding = 4; lastKnownFileType = sourcecode.c.c; name = service.c; path = Dependencies/libimobiledevice/src/service.c; sourceTree = SOURCE_ROOT; };
		BF4588292298D3C000BD7491 /* socket.h */ = {isa = PBXFileReference; fileEncoding = 4; lastKnownFileType = sourcecode.c.h; name = socket.h; path = Dependencies/libimobiledevice/common/socket.h; sourceTree = SOURCE_ROOT; };
		BF45882A2298D3C000BD7491 /* userpref.h */ = {isa = PBXFileReference; fileEncoding = 4; lastKnownFileType = sourcecode.c.h; name = userpref.h; path = Dependencies/libimobiledevice/common/userpref.h; sourceTree = SOURCE_ROOT; };
		BF45882B2298D3C000BD7491 /* userpref.c */ = {isa = PBXFileReference; fileEncoding = 4; lastKnownFileType = sourcecode.c.c; name = userpref.c; path = Dependencies/libimobiledevice/common/userpref.c; sourceTree = SOURCE_ROOT; };
		BF45882C2298D3C000BD7491 /* debug.h */ = {isa = PBXFileReference; fileEncoding = 4; lastKnownFileType = sourcecode.c.h; name = debug.h; path = Dependencies/libimobiledevice/common/debug.h; sourceTree = SOURCE_ROOT; };
		BF45882D2298D3C000BD7491 /* utils.c */ = {isa = PBXFileReference; fileEncoding = 4; lastKnownFileType = sourcecode.c.c; name = utils.c; path = Dependencies/libimobiledevice/common/utils.c; sourceTree = SOURCE_ROOT; };
		BF45882F2298D3C000BD7491 /* socket.c */ = {isa = PBXFileReference; fileEncoding = 4; lastKnownFileType = sourcecode.c.c; name = socket.c; path = Dependencies/libimobiledevice/common/socket.c; sourceTree = SOURCE_ROOT; };
		BF4588302298D3C000BD7491 /* debug.c */ = {isa = PBXFileReference; fileEncoding = 4; lastKnownFileType = sourcecode.c.c; name = debug.c; path = Dependencies/libimobiledevice/common/debug.c; sourceTree = SOURCE_ROOT; };
		BF4588322298D3C100BD7491 /* utils.h */ = {isa = PBXFileReference; fileEncoding = 4; lastKnownFileType = sourcecode.c.h; name = utils.h; path = Dependencies/libimobiledevice/common/utils.h; sourceTree = SOURCE_ROOT; };
		BF45883E2298D3F800BD7491 /* collection.h */ = {isa = PBXFileReference; fileEncoding = 4; lastKnownFileType = sourcecode.c.h; name = collection.h; path = Dependencies/libusbmuxd/common/collection.h; sourceTree = SOURCE_ROOT; };
		BF45883F2298D3F800BD7491 /* collection.c */ = {isa = PBXFileReference; fileEncoding = 4; lastKnownFileType = sourcecode.c.c; name = collection.c; path = Dependencies/libusbmuxd/common/collection.c; sourceTree = SOURCE_ROOT; };
		BF4588422298D40000BD7491 /* libusbmuxd.c */ = {isa = PBXFileReference; fileEncoding = 4; lastKnownFileType = sourcecode.c.c; name = libusbmuxd.c; path = Dependencies/libusbmuxd/src/libusbmuxd.c; sourceTree = SOURCE_ROOT; };
		BF4588482298D55000BD7491 /* thread.c */ = {isa = PBXFileReference; fileEncoding = 4; lastKnownFileType = sourcecode.c.c; name = thread.c; path = Dependencies/libusbmuxd/common/thread.c; sourceTree = SOURCE_ROOT; };
		BF4588492298D55000BD7491 /* thread.h */ = {isa = PBXFileReference; fileEncoding = 4; lastKnownFileType = sourcecode.c.h; name = thread.h; path = Dependencies/libusbmuxd/common/thread.h; sourceTree = SOURCE_ROOT; };
		BF4588542298DC5400BD7491 /* openssl.framework */ = {isa = PBXFileReference; explicitFileType = wrapper.framework; path = openssl.framework; sourceTree = BUILT_PRODUCTS_DIR; };
		BF4588572298DCDC00BD7491 /* Uid.cpp */ = {isa = PBXFileReference; fileEncoding = 4; lastKnownFileType = sourcecode.cpp.cpp; name = Uid.cpp; path = Dependencies/AltSign/Dependencies/ldid/libplist/src/Uid.cpp; sourceTree = SOURCE_ROOT; };
		BF4588582298DCDC00BD7491 /* base64.c */ = {isa = PBXFileReference; fileEncoding = 4; lastKnownFileType = sourcecode.c.c; name = base64.c; path = Dependencies/AltSign/Dependencies/ldid/libplist/src/base64.c; sourceTree = SOURCE_ROOT; };
		BF4588592298DCDC00BD7491 /* Date.cpp */ = {isa = PBXFileReference; fileEncoding = 4; lastKnownFileType = sourcecode.cpp.cpp; name = Date.cpp; path = Dependencies/AltSign/Dependencies/ldid/libplist/src/Date.cpp; sourceTree = SOURCE_ROOT; };
		BF45885A2298DCDC00BD7491 /* bplist.c */ = {isa = PBXFileReference; fileEncoding = 4; lastKnownFileType = sourcecode.c.c; name = bplist.c; path = Dependencies/AltSign/Dependencies/ldid/libplist/src/bplist.c; sourceTree = SOURCE_ROOT; };
		BF45885B2298DCDC00BD7491 /* Key.cpp */ = {isa = PBXFileReference; fileEncoding = 4; lastKnownFileType = sourcecode.cpp.cpp; name = Key.cpp; path = Dependencies/AltSign/Dependencies/ldid/libplist/src/Key.cpp; sourceTree = SOURCE_ROOT; };
		BF45885C2298DCDD00BD7491 /* bytearray.c */ = {isa = PBXFileReference; fileEncoding = 4; lastKnownFileType = sourcecode.c.c; name = bytearray.c; path = Dependencies/AltSign/Dependencies/ldid/libplist/src/bytearray.c; sourceTree = SOURCE_ROOT; };
		BF45885D2298DCDD00BD7491 /* Boolean.cpp */ = {isa = PBXFileReference; fileEncoding = 4; lastKnownFileType = sourcecode.cpp.cpp; name = Boolean.cpp; path = Dependencies/AltSign/Dependencies/ldid/libplist/src/Boolean.cpp; sourceTree = SOURCE_ROOT; };
		BF45885E2298DCDD00BD7491 /* String.cpp */ = {isa = PBXFileReference; fileEncoding = 4; lastKnownFileType = sourcecode.cpp.cpp; name = String.cpp; path = Dependencies/AltSign/Dependencies/ldid/libplist/src/String.cpp; sourceTree = SOURCE_ROOT; };
		BF45885F2298DCDD00BD7491 /* Integer.cpp */ = {isa = PBXFileReference; fileEncoding = 4; lastKnownFileType = sourcecode.cpp.cpp; name = Integer.cpp; path = Dependencies/AltSign/Dependencies/ldid/libplist/src/Integer.cpp; sourceTree = SOURCE_ROOT; };
		BF4588602298DCDD00BD7491 /* Dictionary.cpp */ = {isa = PBXFileReference; fileEncoding = 4; lastKnownFileType = sourcecode.cpp.cpp; name = Dictionary.cpp; path = Dependencies/AltSign/Dependencies/ldid/libplist/src/Dictionary.cpp; sourceTree = SOURCE_ROOT; };
		BF4588612298DCDD00BD7491 /* Data.cpp */ = {isa = PBXFileReference; fileEncoding = 4; lastKnownFileType = sourcecode.cpp.cpp; name = Data.cpp; path = Dependencies/AltSign/Dependencies/ldid/libplist/src/Data.cpp; sourceTree = SOURCE_ROOT; };
		BF4588622298DCDD00BD7491 /* Node.cpp */ = {isa = PBXFileReference; fileEncoding = 4; lastKnownFileType = sourcecode.cpp.cpp; name = Node.cpp; path = Dependencies/AltSign/Dependencies/ldid/libplist/src/Node.cpp; sourceTree = SOURCE_ROOT; };
		BF4588632298DCDD00BD7491 /* plist.c */ = {isa = PBXFileReference; fileEncoding = 4; lastKnownFileType = sourcecode.c.c; name = plist.c; path = Dependencies/AltSign/Dependencies/ldid/libplist/src/plist.c; sourceTree = SOURCE_ROOT; };
		BF4588642298DCDD00BD7491 /* xplist.c */ = {isa = PBXFileReference; fileEncoding = 4; lastKnownFileType = sourcecode.c.c; name = xplist.c; path = Dependencies/AltSign/Dependencies/ldid/libplist/src/xplist.c; sourceTree = SOURCE_ROOT; };
		BF4588652298DCDD00BD7491 /* Array.cpp */ = {isa = PBXFileReference; fileEncoding = 4; lastKnownFileType = sourcecode.cpp.cpp; name = Array.cpp; path = Dependencies/AltSign/Dependencies/ldid/libplist/src/Array.cpp; sourceTree = SOURCE_ROOT; };
		BF4588662298DCDD00BD7491 /* hashtable.h */ = {isa = PBXFileReference; fileEncoding = 4; lastKnownFileType = sourcecode.c.h; name = hashtable.h; path = Dependencies/AltSign/Dependencies/ldid/libplist/src/hashtable.h; sourceTree = SOURCE_ROOT; };
		BF4588672298DCDD00BD7491 /* plist.h */ = {isa = PBXFileReference; fileEncoding = 4; lastKnownFileType = sourcecode.c.h; name = plist.h; path = Dependencies/AltSign/Dependencies/ldid/libplist/src/plist.h; sourceTree = SOURCE_ROOT; };
		BF4588682298DCDD00BD7491 /* Structure.cpp */ = {isa = PBXFileReference; fileEncoding = 4; lastKnownFileType = sourcecode.cpp.cpp; name = Structure.cpp; path = Dependencies/AltSign/Dependencies/ldid/libplist/src/Structure.cpp; sourceTree = SOURCE_ROOT; };
		BF4588692298DCDD00BD7491 /* bytearray.h */ = {isa = PBXFileReference; fileEncoding = 4; lastKnownFileType = sourcecode.c.h; name = bytearray.h; path = Dependencies/AltSign/Dependencies/ldid/libplist/src/bytearray.h; sourceTree = SOURCE_ROOT; };
		BF45886A2298DCDD00BD7491 /* hashtable.c */ = {isa = PBXFileReference; fileEncoding = 4; lastKnownFileType = sourcecode.c.c; name = hashtable.c; path = Dependencies/AltSign/Dependencies/ldid/libplist/src/hashtable.c; sourceTree = SOURCE_ROOT; };
		BF45886B2298DCDD00BD7491 /* ptrarray.h */ = {isa = PBXFileReference; fileEncoding = 4; lastKnownFileType = sourcecode.c.h; name = ptrarray.h; path = Dependencies/AltSign/Dependencies/ldid/libplist/src/ptrarray.h; sourceTree = SOURCE_ROOT; };
		BF45886C2298DCDD00BD7491 /* Real.cpp */ = {isa = PBXFileReference; fileEncoding = 4; lastKnownFileType = sourcecode.cpp.cpp; name = Real.cpp; path = Dependencies/AltSign/Dependencies/ldid/libplist/src/Real.cpp; sourceTree = SOURCE_ROOT; };
		BF45886D2298DCDD00BD7491 /* base64.h */ = {isa = PBXFileReference; fileEncoding = 4; lastKnownFileType = sourcecode.c.h; name = base64.h; path = Dependencies/AltSign/Dependencies/ldid/libplist/src/base64.h; sourceTree = SOURCE_ROOT; };
		BF45886E2298DCDE00BD7491 /* ptrarray.c */ = {isa = PBXFileReference; fileEncoding = 4; lastKnownFileType = sourcecode.c.c; name = ptrarray.c; path = Dependencies/AltSign/Dependencies/ldid/libplist/src/ptrarray.c; sourceTree = SOURCE_ROOT; };
		BF4588872298DD3F00BD7491 /* libxml2.tbd */ = {isa = PBXFileReference; lastKnownFileType = "sourcecode.text-based-dylib-definition"; name = libxml2.tbd; path = Platforms/MacOSX.platform/Developer/SDKs/MacOSX10.14.sdk/usr/lib/libxml2.tbd; sourceTree = DEVELOPER_DIR; };
		BF45888A2298DE0B00BD7491 /* list.c */ = {isa = PBXFileReference; fileEncoding = 4; lastKnownFileType = sourcecode.c.c; name = list.c; path = Dependencies/AltSign/Dependencies/ldid/libplist/libcnary/list.c; sourceTree = SOURCE_ROOT; };
		BF45888B2298DE0C00BD7491 /* node_iterator.c */ = {isa = PBXFileReference; fileEncoding = 4; lastKnownFileType = sourcecode.c.c; name = node_iterator.c; path = Dependencies/AltSign/Dependencies/ldid/libplist/libcnary/node_iterator.c; sourceTree = SOURCE_ROOT; };
		BF45888C2298DE0C00BD7491 /* node_list.c */ = {isa = PBXFileReference; fileEncoding = 4; lastKnownFileType = sourcecode.c.c; name = node_list.c; path = Dependencies/AltSign/Dependencies/ldid/libplist/libcnary/node_list.c; sourceTree = SOURCE_ROOT; };
		BF45888D2298DE0C00BD7491 /* iterator.c */ = {isa = PBXFileReference; fileEncoding = 4; lastKnownFileType = sourcecode.c.c; name = iterator.c; path = Dependencies/AltSign/Dependencies/ldid/libplist/libcnary/iterator.c; sourceTree = SOURCE_ROOT; };
		BF45888E2298DE0C00BD7491 /* cnary.c */ = {isa = PBXFileReference; fileEncoding = 4; lastKnownFileType = sourcecode.c.c; name = cnary.c; path = Dependencies/AltSign/Dependencies/ldid/libplist/libcnary/cnary.c; sourceTree = SOURCE_ROOT; };
		BF45888F2298DE0C00BD7491 /* node.c */ = {isa = PBXFileReference; fileEncoding = 4; lastKnownFileType = sourcecode.c.c; name = node.c; path = Dependencies/AltSign/Dependencies/ldid/libplist/libcnary/node.c; sourceTree = SOURCE_ROOT; };
		BF4588962298DE6E00BD7491 /* libzip.framework */ = {isa = PBXFileReference; explicitFileType = wrapper.framework; path = libzip.framework; sourceTree = BUILT_PRODUCTS_DIR; };
		BF5AB3A72285FE6C00DC914B /* AltSign.framework */ = {isa = PBXFileReference; lastKnownFileType = wrapper.framework; path = AltSign.framework; sourceTree = BUILT_PRODUCTS_DIR; };
		BF9B63C5229DD44D002F0A62 /* AltSign.framework */ = {isa = PBXFileReference; explicitFileType = wrapper.framework; path = AltSign.framework; sourceTree = BUILT_PRODUCTS_DIR; };
		BF9B63F5229DE476002F0A62 /* App.ipa */ = {isa = PBXFileReference; lastKnownFileType = file; path = App.ipa; sourceTree = "<group>"; };
		BF9B6425229E1331002F0A62 /* Result+Conveniences.swift */ = {isa = PBXFileReference; fileEncoding = 4; lastKnownFileType = sourcecode.swift; path = "Result+Conveniences.swift"; sourceTree = "<group>"; };
		BFB11691229322E400BB457C /* DatabaseManager.swift */ = {isa = PBXFileReference; lastKnownFileType = sourcecode.swift; path = DatabaseManager.swift; sourceTree = "<group>"; };
		BFB1169A2293274D00BB457C /* JSONDecoder+ManagedObjectContext.swift */ = {isa = PBXFileReference; fileEncoding = 4; lastKnownFileType = sourcecode.swift; path = "JSONDecoder+ManagedObjectContext.swift"; sourceTree = "<group>"; };
		BFB1169C22932DB100BB457C /* Apps.json */ = {isa = PBXFileReference; fileEncoding = 4; lastKnownFileType = text.json; path = Apps.json; sourceTree = "<group>"; };
		BFB1169F22933DEB00BB457C /* UpdatesViewController.swift */ = {isa = PBXFileReference; lastKnownFileType = sourcecode.swift; path = UpdatesViewController.swift; sourceTree = "<group>"; };
		BFBBE2DC22931B20002097FA /* AltStore.xcdatamodel */ = {isa = PBXFileReference; lastKnownFileType = wrapper.xcdatamodel; path = AltStore.xcdatamodel; sourceTree = "<group>"; };
		BFBBE2DE22931F73002097FA /* App.swift */ = {isa = PBXFileReference; lastKnownFileType = sourcecode.swift; path = App.swift; sourceTree = "<group>"; };
		BFBBE2E022931F81002097FA /* InstalledApp.swift */ = {isa = PBXFileReference; lastKnownFileType = sourcecode.swift; path = InstalledApp.swift; sourceTree = "<group>"; };
		BFD2476A2284B9A500981D42 /* AltStore.app */ = {isa = PBXFileReference; explicitFileType = wrapper.application; includeInIndex = 0; path = AltStore.app; sourceTree = BUILT_PRODUCTS_DIR; };
		BFD2476D2284B9A500981D42 /* AppDelegate.swift */ = {isa = PBXFileReference; lastKnownFileType = sourcecode.swift; path = AppDelegate.swift; sourceTree = "<group>"; };
		BFD2476F2284B9A500981D42 /* AppsViewController.swift */ = {isa = PBXFileReference; lastKnownFileType = sourcecode.swift; path = AppsViewController.swift; sourceTree = "<group>"; };
		BFD247712284B9A500981D42 /* MyAppsViewController.swift */ = {isa = PBXFileReference; lastKnownFileType = sourcecode.swift; path = MyAppsViewController.swift; sourceTree = "<group>"; };
		BFD247742284B9A500981D42 /* Base */ = {isa = PBXFileReference; lastKnownFileType = file.storyboard; name = Base; path = Base.lproj/Main.storyboard; sourceTree = "<group>"; };
		BFD247762284B9A700981D42 /* Assets.xcassets */ = {isa = PBXFileReference; lastKnownFileType = folder.assetcatalog; path = Assets.xcassets; sourceTree = "<group>"; };
		BFD247792284B9A700981D42 /* Base */ = {isa = PBXFileReference; lastKnownFileType = file.storyboard; name = Base; path = Base.lproj/LaunchScreen.storyboard; sourceTree = "<group>"; };
		BFD2477B2284B9A700981D42 /* Info.plist */ = {isa = PBXFileReference; lastKnownFileType = text.plist.xml; path = Info.plist; sourceTree = "<group>"; };
		BFD247862284BB3B00981D42 /* Roxas.framework */ = {isa = PBXFileReference; lastKnownFileType = wrapper.framework; path = Roxas.framework; sourceTree = BUILT_PRODUCTS_DIR; };
		BFD2478B2284C4C300981D42 /* AppIconImageView.swift */ = {isa = PBXFileReference; lastKnownFileType = sourcecode.swift; path = AppIconImageView.swift; sourceTree = "<group>"; };
		BFD2478E2284C8F900981D42 /* Button.swift */ = {isa = PBXFileReference; lastKnownFileType = sourcecode.swift; path = Button.swift; sourceTree = "<group>"; };
		BFD247922284D4B700981D42 /* AppTableViewCell.swift */ = {isa = PBXFileReference; lastKnownFileType = sourcecode.swift; path = AppTableViewCell.swift; sourceTree = "<group>"; };
		BFD2479B2284E19A00981D42 /* AppDetailViewController.swift */ = {isa = PBXFileReference; lastKnownFileType = sourcecode.swift; path = AppDetailViewController.swift; sourceTree = "<group>"; };
		BFD2479E2284FBD000981D42 /* UIColor+AltStore.swift */ = {isa = PBXFileReference; lastKnownFileType = sourcecode.swift; path = "UIColor+AltStore.swift"; sourceTree = "<group>"; };
/* End PBXFileReference section */

/* Begin PBXFrameworksBuildPhase section */
		BF4587292298D31600BD7491 /* Frameworks */ = {
			isa = PBXFrameworksBuildPhase;
			buildActionMask = 2147483647;
			files = (
			);
			runOnlyForDeploymentPostprocessing = 0;
		};
		BF4588462298D4AA00BD7491 /* Frameworks */ = {
			isa = PBXFrameworksBuildPhase;
			buildActionMask = 2147483647;
			files = (
				BF9B63C6229DD44E002F0A62 /* AltSign.framework in Frameworks */,
				BF4588972298DE6E00BD7491 /* libzip.framework in Frameworks */,
				BF4588882298DD3F00BD7491 /* libxml2.tbd in Frameworks */,
				BF4588552298DC5400BD7491 /* openssl.framework in Frameworks */,
				BF4588472298D4B000BD7491 /* libimobiledevice.a in Frameworks */,
			);
			runOnlyForDeploymentPostprocessing = 0;
		};
		BFD247672284B9A500981D42 /* Frameworks */ = {
			isa = PBXFrameworksBuildPhase;
			buildActionMask = 2147483647;
			files = (
				BFD247872284BB4200981D42 /* Roxas.framework in Frameworks */,
				BF5AB3A82285FE7500DC914B /* AltSign.framework in Frameworks */,
			);
			runOnlyForDeploymentPostprocessing = 0;
		};
/* End PBXFrameworksBuildPhase section */

/* Begin PBXGroup section */
		BF45868E229872EA00BD7491 /* AltServer */ = {
			isa = PBXGroup;
			children = (
				BF45868F229872EA00BD7491 /* AppDelegate.swift */,
				BF458695229872EA00BD7491 /* Main.storyboard */,
				BF458691229872EA00BD7491 /* ViewController.swift */,
				BF703195229F36FF006E110F /* Devices */,
				BF703193229F36E5006E110F /* Extensions */,
				BF703194229F36F6006E110F /* Resources */,
				BF703196229F370F006E110F /* Supporting Files */,
			);
			path = AltServer;
			sourceTree = "<group>";
		};
		BF45872C2298D31600BD7491 /* libimobiledevice */ = {
			isa = PBXGroup;
			children = (
				BF4588562298DC6D00BD7491 /* libplist */,
				BF4587972298D36400BD7491 /* libimobiledevice */,
				BF45883D2298D3E800BD7491 /* libusbmuxd */,
			);
			path = libimobiledevice;
			sourceTree = "<group>";
		};
		BF4587972298D36400BD7491 /* libimobiledevice */ = {
			isa = PBXGroup;
			children = (
				BF4588282298D3B400BD7491 /* common */,
				BF4587D72298D3A800BD7491 /* afc.c */,
				BF4587EC2298D3AA00BD7491 /* afc.h */,
				BF4587DF2298D3A900BD7491 /* debugserver.c */,
				BF4587DE2298D3A900BD7491 /* debugserver.h */,
				BF4587E42298D3A900BD7491 /* device_link_service.c */,
				BF4587EF2298D3AA00BD7491 /* device_link_service.h */,
				BF4587C92298D3A800BD7491 /* diagnostics_relay.c */,
				BF4587CA2298D3A800BD7491 /* diagnostics_relay.h */,
				BF4587D22298D3A800BD7491 /* file_relay.c */,
				BF4587ED2298D3AA00BD7491 /* file_relay.h */,
				BF4587CF2298D3A800BD7491 /* heartbeat.c */,
				BF4587E02298D3A900BD7491 /* heartbeat.h */,
				BF4587EB2298D3AA00BD7491 /* house_arrest.c */,
				BF4587E22298D3A900BD7491 /* house_arrest.h */,
				BF4587F12298D3AA00BD7491 /* idevice.c */,
				BF4587D52298D3A800BD7491 /* idevice.h */,
				BF4587D92298D3A900BD7491 /* installation_proxy.c */,
				BF4587D12298D3A800BD7491 /* installation_proxy.h */,
				BF4587F62298D3AB00BD7491 /* lockdown.c */,
				BF4587D42298D3A800BD7491 /* lockdown.h */,
				BF4587EE2298D3AA00BD7491 /* misagent.c */,
				BF4587E12298D3A900BD7491 /* misagent.h */,
				BF4587D82298D3A800BD7491 /* mobile_image_mounter.c */,
				BF4587F02298D3AA00BD7491 /* mobile_image_mounter.h */,
				BF4587F22298D3AA00BD7491 /* mobileactivation.c */,
				BF4587EA2298D3AA00BD7491 /* mobileactivation.h */,
				BF4587DD2298D3A900BD7491 /* mobilebackup.c */,
				BF4587E52298D3A900BD7491 /* mobilebackup.h */,
				BF4587DC2298D3A900BD7491 /* mobilebackup2.c */,
				BF4587CE2298D3A800BD7491 /* mobilebackup2.h */,
				BF4587F32298D3AA00BD7491 /* mobilesync.c */,
				BF4587DB2298D3A900BD7491 /* mobilesync.h */,
				BF4587CB2298D3A800BD7491 /* notification_proxy.c */,
				BF4587E32298D3A900BD7491 /* notification_proxy.h */,
				BF4587F42298D3AA00BD7491 /* property_list_service.c */,
				BF4587F52298D3AA00BD7491 /* property_list_service.h */,
				BF4587E62298D3A900BD7491 /* restore.c */,
				BF4587D02298D3A800BD7491 /* restore.h */,
				BF4587CC2298D3A800BD7491 /* sbservices.c */,
				BF4587CD2298D3A800BD7491 /* sbservices.h */,
				BF4587E72298D3A900BD7491 /* screenshotr.c */,
				BF4587DA2298D3A900BD7491 /* screenshotr.h */,
				BF4587F72298D3AB00BD7491 /* service.c */,
				BF4587C82298D3A800BD7491 /* service.h */,
				BF4587D32298D3A800BD7491 /* syslog_relay.c */,
				BF4587E82298D3A900BD7491 /* syslog_relay.h */,
				BF4587D62298D3A800BD7491 /* webinspector.c */,
				BF4587E92298D3AA00BD7491 /* webinspector.h */,
			);
			name = libimobiledevice;
			sourceTree = "<group>";
		};
		BF4588282298D3B400BD7491 /* common */ = {
			isa = PBXGroup;
			children = (
				BF4588302298D3C000BD7491 /* debug.c */,
				BF45882C2298D3C000BD7491 /* debug.h */,
				BF45882F2298D3C000BD7491 /* socket.c */,
				BF4588292298D3C000BD7491 /* socket.h */,
				BF45882B2298D3C000BD7491 /* userpref.c */,
				BF45882A2298D3C000BD7491 /* userpref.h */,
				BF45882D2298D3C000BD7491 /* utils.c */,
				BF4588322298D3C100BD7491 /* utils.h */,
			);
			name = common;
			sourceTree = "<group>";
		};
		BF45883D2298D3E800BD7491 /* libusbmuxd */ = {
			isa = PBXGroup;
			children = (
				BF4588422298D40000BD7491 /* libusbmuxd.c */,
				BF45883F2298D3F800BD7491 /* collection.c */,
				BF45883E2298D3F800BD7491 /* collection.h */,
				BF4588482298D55000BD7491 /* thread.c */,
				BF4588492298D55000BD7491 /* thread.h */,
			);
			name = libusbmuxd;
			sourceTree = "<group>";
		};
		BF4588562298DC6D00BD7491 /* libplist */ = {
			isa = PBXGroup;
			children = (
				BF4588892298DDEA00BD7491 /* libcnary */,
				BF4588652298DCDD00BD7491 /* Array.cpp */,
				BF4588582298DCDC00BD7491 /* base64.c */,
				BF45886D2298DCDD00BD7491 /* base64.h */,
				BF45885D2298DCDD00BD7491 /* Boolean.cpp */,
				BF45885A2298DCDC00BD7491 /* bplist.c */,
				BF45885C2298DCDD00BD7491 /* bytearray.c */,
				BF4588692298DCDD00BD7491 /* bytearray.h */,
				BF4588612298DCDD00BD7491 /* Data.cpp */,
				BF4588592298DCDC00BD7491 /* Date.cpp */,
				BF4588602298DCDD00BD7491 /* Dictionary.cpp */,
				BF45886A2298DCDD00BD7491 /* hashtable.c */,
				BF4588662298DCDD00BD7491 /* hashtable.h */,
				BF45885F2298DCDD00BD7491 /* Integer.cpp */,
				BF45885B2298DCDC00BD7491 /* Key.cpp */,
				BF4588622298DCDD00BD7491 /* Node.cpp */,
				BF4588632298DCDD00BD7491 /* plist.c */,
				BF4588672298DCDD00BD7491 /* plist.h */,
				BF45886E2298DCDE00BD7491 /* ptrarray.c */,
				BF45886B2298DCDD00BD7491 /* ptrarray.h */,
				BF45886C2298DCDD00BD7491 /* Real.cpp */,
				BF45885E2298DCDD00BD7491 /* String.cpp */,
				BF4588682298DCDD00BD7491 /* Structure.cpp */,
				BF4588572298DCDC00BD7491 /* Uid.cpp */,
				BF4588642298DCDD00BD7491 /* xplist.c */,
			);
			name = libplist;
			sourceTree = "<group>";
		};
		BF4588892298DDEA00BD7491 /* libcnary */ = {
			isa = PBXGroup;
			children = (
				BF45888E2298DE0C00BD7491 /* cnary.c */,
				BF45888D2298DE0C00BD7491 /* iterator.c */,
				BF45888A2298DE0B00BD7491 /* list.c */,
				BF45888B2298DE0C00BD7491 /* node_iterator.c */,
				BF45888C2298DE0C00BD7491 /* node_list.c */,
				BF45888F2298DE0C00BD7491 /* node.c */,
			);
			name = libcnary;
			sourceTree = "<group>";
		};
		BF703193229F36E5006E110F /* Extensions */ = {
			isa = PBXGroup;
			children = (
				BF9B6425229E1331002F0A62 /* Result+Conveniences.swift */,
			);
			path = Extensions;
			sourceTree = "<group>";
		};
		BF703194229F36F6006E110F /* Resources */ = {
			isa = PBXGroup;
			children = (
				BF458693229872EA00BD7491 /* Assets.xcassets */,
				BF9B63F5229DE476002F0A62 /* App.ipa */,
			);
			name = Resources;
			sourceTree = "<group>";
		};
		BF703195229F36FF006E110F /* Devices */ = {
			isa = PBXGroup;
			children = (
				BF4586C32298CDB800BD7491 /* ALTDeviceManager.h */,
				BF4586C42298CDB800BD7491 /* ALTDeviceManager.mm */,
			);
			path = Devices;
			sourceTree = "<group>";
		};
		BF703196229F370F006E110F /* Supporting Files */ = {
			isa = PBXGroup;
			children = (
				BF458698229872EA00BD7491 /* Info.plist */,
				BF458699229872EA00BD7491 /* AltServer.entitlements */,
				BF4586C22298CDB800BD7491 /* AltServer-Bridging-Header.h */,
			);
			name = "Supporting Files";
			sourceTree = "<group>";
		};
		BFB1169E22933DDC00BB457C /* Updates */ = {
			isa = PBXGroup;
			children = (
				BFB1169F22933DEB00BB457C /* UpdatesViewController.swift */,
			);
			path = Updates;
			sourceTree = "<group>";
		};
		BFBBE2E2229320A2002097FA /* My Apps */ = {
			isa = PBXGroup;
			children = (
				BFD247712284B9A500981D42 /* MyAppsViewController.swift */,
			);
			path = "My Apps";
			sourceTree = "<group>";
		};
		BFD247612284B9A500981D42 = {
			isa = PBXGroup;
			children = (
				BFD2476C2284B9A500981D42 /* AltStore */,
				BF45868E229872EA00BD7491 /* AltServer */,
				BF45872C2298D31600BD7491 /* libimobiledevice */,
				BFD247852284BB3300981D42 /* Frameworks */,
				BFD2476B2284B9A500981D42 /* Products */,
			);
			sourceTree = "<group>";
		};
		BFD2476B2284B9A500981D42 /* Products */ = {
			isa = PBXGroup;
			children = (
				BFD2476A2284B9A500981D42 /* AltStore.app */,
				BF45868D229872EA00BD7491 /* AltServer.app */,
				BF45872B2298D31600BD7491 /* libimobiledevice.a */,
			);
			name = Products;
			sourceTree = "<group>";
		};
		BFD2476C2284B9A500981D42 /* AltStore */ = {
			isa = PBXGroup;
			children = (
				BFD2476D2284B9A500981D42 /* AppDelegate.swift */,
				BFD247732284B9A500981D42 /* Main.storyboard */,
				BFD2478A2284C49000981D42 /* Apps */,
				BFBBE2E2229320A2002097FA /* My Apps */,
				BFB1169E22933DDC00BB457C /* Updates */,
				BFD247982284D7FC00981D42 /* Model */,
				BFD2478D2284C4C700981D42 /* Components */,
				BFD2479D2284FBBD00981D42 /* Extensions */,
				BFD247962284D7C100981D42 /* Resources */,
				BFD247972284D7D800981D42 /* Supporting Files */,
			);
			path = AltStore;
			sourceTree = "<group>";
		};
		BFD247852284BB3300981D42 /* Frameworks */ = {
			isa = PBXGroup;
			children = (
				BF9B63C5229DD44D002F0A62 /* AltSign.framework */,
				BF4588962298DE6E00BD7491 /* libzip.framework */,
				BF4588872298DD3F00BD7491 /* libxml2.tbd */,
				BF4588542298DC5400BD7491 /* openssl.framework */,
				BFD247862284BB3B00981D42 /* Roxas.framework */,
				BF5AB3A72285FE6C00DC914B /* AltSign.framework */,
			);
			name = Frameworks;
			sourceTree = "<group>";
		};
		BFD2478A2284C49000981D42 /* Apps */ = {
			isa = PBXGroup;
			children = (
				BFD2476F2284B9A500981D42 /* AppsViewController.swift */,
				BFD247922284D4B700981D42 /* AppTableViewCell.swift */,
				BFD2479B2284E19A00981D42 /* AppDetailViewController.swift */,
			);
			path = Apps;
			sourceTree = "<group>";
		};
		BFD2478D2284C4C700981D42 /* Components */ = {
			isa = PBXGroup;
			children = (
				BFD2478B2284C4C300981D42 /* AppIconImageView.swift */,
				BFD2478E2284C8F900981D42 /* Button.swift */,
			);
			path = Components;
			sourceTree = "<group>";
		};
		BFD247962284D7C100981D42 /* Resources */ = {
			isa = PBXGroup;
			children = (
				BFD247762284B9A700981D42 /* Assets.xcassets */,
				BFB1169C22932DB100BB457C /* Apps.json */,
			);
			path = Resources;
			sourceTree = "<group>";
		};
		BFD247972284D7D800981D42 /* Supporting Files */ = {
			isa = PBXGroup;
			children = (
				BFD247782284B9A700981D42 /* LaunchScreen.storyboard */,
				BFD2477B2284B9A700981D42 /* Info.plist */,
			);
			name = "Supporting Files";
			sourceTree = "<group>";
		};
		BFD247982284D7FC00981D42 /* Model */ = {
			isa = PBXGroup;
			children = (
				BFBBE2DB22931B20002097FA /* AltStore.xcdatamodeld */,
				BFB11691229322E400BB457C /* DatabaseManager.swift */,
				BFBBE2DE22931F73002097FA /* App.swift */,
				BFBBE2E022931F81002097FA /* InstalledApp.swift */,
			);
			path = Model;
			sourceTree = "<group>";
		};
		BFD2479D2284FBBD00981D42 /* Extensions */ = {
			isa = PBXGroup;
			children = (
				BFD2479E2284FBD000981D42 /* UIColor+AltStore.swift */,
				BFB1169A2293274D00BB457C /* JSONDecoder+ManagedObjectContext.swift */,
			);
			path = Extensions;
			sourceTree = "<group>";
		};
/* End PBXGroup section */

/* Begin PBXHeadersBuildPhase section */
		BF4587272298D31600BD7491 /* Headers */ = {
			isa = PBXHeadersBuildPhase;
			buildActionMask = 2147483647;
			files = (
				BF4588112298D3AB00BD7491 /* misagent.h in Headers */,
				BF4588042298D3AB00BD7491 /* lockdown.h in Headers */,
				BF4588812298DCDE00BD7491 /* bytearray.h in Headers */,
				BF4588402298D3F800BD7491 /* collection.h in Headers */,
				BF45880B2298D3AB00BD7491 /* mobilesync.h in Headers */,
				BF4588002298D3AB00BD7491 /* restore.h in Headers */,
				BF4588332298D3C100BD7491 /* socket.h in Headers */,
				BF4588152298D3AB00BD7491 /* mobilebackup.h in Headers */,
				BF4588182298D3AB00BD7491 /* syslog_relay.h in Headers */,
				BF4588832298DCDE00BD7491 /* ptrarray.h in Headers */,
				BF45881D2298D3AB00BD7491 /* file_relay.h in Headers */,
				BF45887F2298DCDE00BD7491 /* plist.h in Headers */,
				BF4587FD2298D3AB00BD7491 /* sbservices.h in Headers */,
				BF4588362298D3C100BD7491 /* debug.h in Headers */,
				BF4588202298D3AB00BD7491 /* mobile_image_mounter.h in Headers */,
				BF4588122298D3AB00BD7491 /* house_arrest.h in Headers */,
				BF45881F2298D3AB00BD7491 /* device_link_service.h in Headers */,
				BF45880E2298D3AB00BD7491 /* debugserver.h in Headers */,
				BF45884B2298D55000BD7491 /* thread.h in Headers */,
				BF4588102298D3AB00BD7491 /* heartbeat.h in Headers */,
				BF4588852298DCDE00BD7491 /* base64.h in Headers */,
				BF4587FA2298D3AB00BD7491 /* diagnostics_relay.h in Headers */,
				BF4588192298D3AB00BD7491 /* webinspector.h in Headers */,
				BF4588342298D3C100BD7491 /* userpref.h in Headers */,
				BF45880A2298D3AB00BD7491 /* screenshotr.h in Headers */,
				BF45883C2298D3C100BD7491 /* utils.h in Headers */,
				BF4587FE2298D3AB00BD7491 /* mobilebackup2.h in Headers */,
				BF45881C2298D3AB00BD7491 /* afc.h in Headers */,
				BF45881A2298D3AB00BD7491 /* mobileactivation.h in Headers */,
				BF45887E2298DCDE00BD7491 /* hashtable.h in Headers */,
				BF4588052298D3AB00BD7491 /* idevice.h in Headers */,
				BF4588012298D3AB00BD7491 /* installation_proxy.h in Headers */,
				BF4587F82298D3AB00BD7491 /* service.h in Headers */,
				BF4588252298D3AB00BD7491 /* property_list_service.h in Headers */,
				BF4588132298D3AB00BD7491 /* notification_proxy.h in Headers */,
			);
			runOnlyForDeploymentPostprocessing = 0;
		};
/* End PBXHeadersBuildPhase section */

/* Begin PBXNativeTarget section */
		BF45868C229872EA00BD7491 /* AltServer */ = {
			isa = PBXNativeTarget;
			buildConfigurationList = BF45869A229872EA00BD7491 /* Build configuration list for PBXNativeTarget "AltServer" */;
			buildPhases = (
				BF458689229872EA00BD7491 /* Sources */,
				BF45868B229872EA00BD7491 /* Resources */,
				BF4588462298D4AA00BD7491 /* Frameworks */,
				BF9B6324229DBBED002F0A62 /* Embed Frameworks */,
			);
			buildRules = (
			);
			dependencies = (
				BF4588452298D48B00BD7491 /* PBXTargetDependency */,
			);
			name = AltServer;
			productName = AltServer;
			productReference = BF45868D229872EA00BD7491 /* AltServer.app */;
			productType = "com.apple.product-type.application";
		};
		BF45872A2298D31600BD7491 /* libimobiledevice */ = {
			isa = PBXNativeTarget;
			buildConfigurationList = BF4587332298D31600BD7491 /* Build configuration list for PBXNativeTarget "libimobiledevice" */;
			buildPhases = (
				BF4587272298D31600BD7491 /* Headers */,
				BF4587282298D31600BD7491 /* Sources */,
				BF4587292298D31600BD7491 /* Frameworks */,
			);
			buildRules = (
			);
			dependencies = (
			);
			name = libimobiledevice;
			productName = libimobiledevice;
			productReference = BF45872B2298D31600BD7491 /* libimobiledevice.a */;
			productType = "com.apple.product-type.library.static";
		};
		BFD247692284B9A500981D42 /* AltStore */ = {
			isa = PBXNativeTarget;
			buildConfigurationList = BFD2477E2284B9A700981D42 /* Build configuration list for PBXNativeTarget "AltStore" */;
			buildPhases = (
				BFD247662284B9A500981D42 /* Sources */,
				BFD247672284B9A500981D42 /* Frameworks */,
				BFD247682284B9A500981D42 /* Resources */,
				BFD247842284BB2C00981D42 /* Embed Frameworks */,
			);
			buildRules = (
			);
			dependencies = (
			);
			name = AltStore;
			productName = AltStore;
			productReference = BFD2476A2284B9A500981D42 /* AltStore.app */;
			productType = "com.apple.product-type.application";
		};
/* End PBXNativeTarget section */

/* Begin PBXProject section */
		BFD247622284B9A500981D42 /* Project object */ = {
			isa = PBXProject;
			attributes = {
				LastSwiftUpdateCheck = 1020;
				LastUpgradeCheck = 1020;
				ORGANIZATIONNAME = "Riley Testut";
				TargetAttributes = {
					BF45868C229872EA00BD7491 = {
						CreatedOnToolsVersion = 10.2.1;
						LastSwiftMigration = 1020;
						SystemCapabilities = {
							com.apple.Sandbox = {
								enabled = 0;
							};
						};
					};
					BF45872A2298D31600BD7491 = {
						CreatedOnToolsVersion = 10.2.1;
					};
					BFD247692284B9A500981D42 = {
						CreatedOnToolsVersion = 10.2.1;
					};
				};
			};
			buildConfigurationList = BFD247652284B9A500981D42 /* Build configuration list for PBXProject "AltStore" */;
			compatibilityVersion = "Xcode 9.3";
			developmentRegion = en;
			hasScannedForEncodings = 0;
			knownRegions = (
				en,
				Base,
			);
			mainGroup = BFD247612284B9A500981D42;
			productRefGroup = BFD2476B2284B9A500981D42 /* Products */;
			projectDirPath = "";
			projectRoot = "";
			targets = (
				BFD247692284B9A500981D42 /* AltStore */,
				BF45868C229872EA00BD7491 /* AltServer */,
				BF45872A2298D31600BD7491 /* libimobiledevice */,
			);
		};
/* End PBXProject section */

/* Begin PBXResourcesBuildPhase section */
		BF45868B229872EA00BD7491 /* Resources */ = {
			isa = PBXResourcesBuildPhase;
			buildActionMask = 2147483647;
			files = (
				BF9B63F6229DE476002F0A62 /* App.ipa in Resources */,
				BF458694229872EA00BD7491 /* Assets.xcassets in Resources */,
				BF458697229872EA00BD7491 /* Main.storyboard in Resources */,
			);
			runOnlyForDeploymentPostprocessing = 0;
		};
		BFD247682284B9A500981D42 /* Resources */ = {
			isa = PBXResourcesBuildPhase;
			buildActionMask = 2147483647;
			files = (
				BFB1169D22932DB100BB457C /* Apps.json in Resources */,
				BFD2477A2284B9A700981D42 /* LaunchScreen.storyboard in Resources */,
				BFD247772284B9A700981D42 /* Assets.xcassets in Resources */,
				BFD247752284B9A500981D42 /* Main.storyboard in Resources */,
			);
			runOnlyForDeploymentPostprocessing = 0;
		};
/* End PBXResourcesBuildPhase section */

/* Begin PBXSourcesBuildPhase section */
		BF458689229872EA00BD7491 /* Sources */ = {
			isa = PBXSourcesBuildPhase;
			buildActionMask = 2147483647;
			files = (
				BF458692229872EA00BD7491 /* ViewController.swift in Sources */,
				BF458690229872EA00BD7491 /* AppDelegate.swift in Sources */,
				BF9B6426229E1331002F0A62 /* Result+Conveniences.swift in Sources */,
				BF4586C52298CDB800BD7491 /* ALTDeviceManager.mm in Sources */,
			);
			runOnlyForDeploymentPostprocessing = 0;
		};
		BF4587282298D31600BD7491 /* Sources */ = {
			isa = PBXSourcesBuildPhase;
			buildActionMask = 2147483647;
			files = (
				BF45881B2298D3AB00BD7491 /* house_arrest.c in Sources */,
				BF4588232298D3AB00BD7491 /* mobilesync.c in Sources */,
				BF4588762298DCDE00BD7491 /* String.cpp in Sources */,
				BF4588072298D3AB00BD7491 /* afc.c in Sources */,
				BF4588082298D3AB00BD7491 /* mobile_image_mounter.c in Sources */,
				BF4588922298DE0C00BD7491 /* node_list.c in Sources */,
				BF4588712298DCDE00BD7491 /* Date.cpp in Sources */,
				BF4588022298D3AB00BD7491 /* file_relay.c in Sources */,
				BF45880F2298D3AB00BD7491 /* debugserver.c in Sources */,
				BF4588162298D3AB00BD7491 /* restore.c in Sources */,
				BF4588822298DCDE00BD7491 /* hashtable.c in Sources */,
				BF4588412298D3F800BD7491 /* collection.c in Sources */,
				BF4588372298D3C100BD7491 /* utils.c in Sources */,
				BF4588092298D3AB00BD7491 /* installation_proxy.c in Sources */,
				BF4587FF2298D3AB00BD7491 /* heartbeat.c in Sources */,
				BF4588222298D3AB00BD7491 /* mobileactivation.c in Sources */,
				BF4588802298DCDE00BD7491 /* Structure.cpp in Sources */,
				BF45887A2298DCDE00BD7491 /* Node.cpp in Sources */,
				BF4588862298DCDE00BD7491 /* ptrarray.c in Sources */,
				BF4588212298D3AB00BD7491 /* idevice.c in Sources */,
				BF4587F92298D3AB00BD7491 /* diagnostics_relay.c in Sources */,
				BF4588932298DE0C00BD7491 /* iterator.c in Sources */,
				BF45886F2298DCDE00BD7491 /* Uid.cpp in Sources */,
				BF45887D2298DCDE00BD7491 /* Array.cpp in Sources */,
				BF4588742298DCDE00BD7491 /* bytearray.c in Sources */,
				BF4588792298DCDE00BD7491 /* Data.cpp in Sources */,
				BF45887C2298DCDE00BD7491 /* xplist.c in Sources */,
				BF45887B2298DCDE00BD7491 /* plist.c in Sources */,
				BF4588062298D3AB00BD7491 /* webinspector.c in Sources */,
				BF4588752298DCDE00BD7491 /* Boolean.cpp in Sources */,
				BF45880D2298D3AB00BD7491 /* mobilebackup.c in Sources */,
				BF4588842298DCDE00BD7491 /* Real.cpp in Sources */,
				BF45883A2298D3C100BD7491 /* debug.c in Sources */,
				BF45884A2298D55000BD7491 /* thread.c in Sources */,
				BF4587FB2298D3AB00BD7491 /* notification_proxy.c in Sources */,
				BF4588732298DCDE00BD7491 /* Key.cpp in Sources */,
				BF4588352298D3C100BD7491 /* userpref.c in Sources */,
				BF4588242298D3AB00BD7491 /* property_list_service.c in Sources */,
				BF45881E2298D3AB00BD7491 /* misagent.c in Sources */,
				BF4588782298DCDE00BD7491 /* Dictionary.cpp in Sources */,
				BF4588902298DE0C00BD7491 /* list.c in Sources */,
				BF4587FC2298D3AB00BD7491 /* sbservices.c in Sources */,
				BF4588392298D3C100BD7491 /* socket.c in Sources */,
				BF4588912298DE0C00BD7491 /* node_iterator.c in Sources */,
				BF4588142298D3AB00BD7491 /* device_link_service.c in Sources */,
				BF4588172298D3AB00BD7491 /* screenshotr.c in Sources */,
				BF4588432298D40000BD7491 /* libusbmuxd.c in Sources */,
				BF4588032298D3AB00BD7491 /* syslog_relay.c in Sources */,
				BF4588722298DCDE00BD7491 /* bplist.c in Sources */,
				BF4588952298DE0C00BD7491 /* node.c in Sources */,
				BF4588702298DCDE00BD7491 /* base64.c in Sources */,
				BF4588272298D3AB00BD7491 /* service.c in Sources */,
				BF4588262298D3AB00BD7491 /* lockdown.c in Sources */,
				BF4588942298DE0C00BD7491 /* cnary.c in Sources */,
				BF45880C2298D3AB00BD7491 /* mobilebackup2.c in Sources */,
				BF4588772298DCDE00BD7491 /* Integer.cpp in Sources */,
			);
			runOnlyForDeploymentPostprocessing = 0;
		};
		BFD247662284B9A500981D42 /* Sources */ = {
			isa = PBXSourcesBuildPhase;
			buildActionMask = 2147483647;
			files = (
				BFD2478F2284C8F900981D42 /* Button.swift in Sources */,
				BFD247722284B9A500981D42 /* MyAppsViewController.swift in Sources */,
				BFB11692229322E400BB457C /* DatabaseManager.swift in Sources */,
				BFBBE2E122931F81002097FA /* InstalledApp.swift in Sources */,
				BFBBE2DF22931F73002097FA /* App.swift in Sources */,
				BFD2478C2284C4C300981D42 /* AppIconImageView.swift in Sources */,
				BFD2479C2284E19A00981D42 /* AppDetailViewController.swift in Sources */,
				BFD2476E2284B9A500981D42 /* AppDelegate.swift in Sources */,
				BFD247702284B9A500981D42 /* AppsViewController.swift in Sources */,
				BFB116A022933DEB00BB457C /* UpdatesViewController.swift in Sources */,
				BFBBE2DD22931B20002097FA /* AltStore.xcdatamodeld in Sources */,
				BFB1169B2293274D00BB457C /* JSONDecoder+ManagedObjectContext.swift in Sources */,
				BFD247932284D4B700981D42 /* AppTableViewCell.swift in Sources */,
				BFD2479F2284FBD000981D42 /* UIColor+AltStore.swift in Sources */,
			);
			runOnlyForDeploymentPostprocessing = 0;
		};
/* End PBXSourcesBuildPhase section */

/* Begin PBXTargetDependency section */
		BF4588452298D48B00BD7491 /* PBXTargetDependency */ = {
			isa = PBXTargetDependency;
			target = BF45872A2298D31600BD7491 /* libimobiledevice */;
			targetProxy = BF4588442298D48B00BD7491 /* PBXContainerItemProxy */;
		};
/* End PBXTargetDependency section */

/* Begin PBXVariantGroup section */
		BF458695229872EA00BD7491 /* Main.storyboard */ = {
			isa = PBXVariantGroup;
			children = (
				BF458696229872EA00BD7491 /* Base */,
			);
			name = Main.storyboard;
			sourceTree = "<group>";
		};
		BFD247732284B9A500981D42 /* Main.storyboard */ = {
			isa = PBXVariantGroup;
			children = (
				BFD247742284B9A500981D42 /* Base */,
			);
			name = Main.storyboard;
			sourceTree = "<group>";
		};
		BFD247782284B9A700981D42 /* LaunchScreen.storyboard */ = {
			isa = PBXVariantGroup;
			children = (
				BFD247792284B9A700981D42 /* Base */,
			);
			name = LaunchScreen.storyboard;
			sourceTree = "<group>";
		};
/* End PBXVariantGroup section */

/* Begin XCBuildConfiguration section */
		BF45869B229872EA00BD7491 /* Debug */ = {
			isa = XCBuildConfiguration;
			buildSettings = {
				ASSETCATALOG_COMPILER_APPICON_NAME = AppIcon;
				CLANG_ENABLE_MODULES = YES;
				CODE_SIGN_IDENTITY = "Mac Developer";
				CODE_SIGN_STYLE = Automatic;
				COMBINE_HIDPI_IMAGES = YES;
				DEVELOPMENT_TEAM = 6XVY5G3U44;
				GCC_PREPROCESSOR_DEFINITIONS = (
					"$(inherited)",
					HAVE_OPENSSL,
					HAVE_STPNCPY,
					HAVE_STPCPY,
					HAVE_VASPRINTF,
					HAVE_ASPRINTF,
					"\"PACKAGE_STRING=\\\"AltServer 1.0\\\"\"",
				);
				HEADER_SEARCH_PATHS = (
					"\"$(SRCROOT)/Dependencies/AltSign/Dependencies/ldid/libplist/include\"",
					"\"$(SRCROOT)/Dependencies/libimobiledevice\"",
					"\"$(SRCROOT)/Dependencies/libimobiledevice/include\"",
					"\"$(SRCROOT)/Dependencies/AltSign/Dependencies/OpenSSL/macos/include\"",
					"\"$(SRCROOT)/Dependencies/libusbmuxd/include\"",
					"\"$(SRCROOT)/Dependencies/AltSign/Dependencies/libzip/lib\"",
					"\"$(SRCROOT)/Dependencies/AltSign/Dependencies/ldid/libplist/libcnary/include\"",
					"\"${SDKROOT}/usr/include/libxml2\"",
					"\"$(SRCROOT)/Dependencies/AltSign/Dependencies/libzip/xcode\"",
				);
				INFOPLIST_FILE = AltServer/Info.plist;
				LD_RUNPATH_SEARCH_PATHS = (
					"$(inherited)",
					"@executable_path/../Frameworks",
				);
				MACOSX_DEPLOYMENT_TARGET = 10.14;
				PRODUCT_BUNDLE_IDENTIFIER = com.rileytestut.AltServer;
				PRODUCT_NAME = "$(TARGET_NAME)";
				SDKROOT = macosx;
				SWIFT_OBJC_BRIDGING_HEADER = "AltServer/AltServer-Bridging-Header.h";
				SWIFT_OPTIMIZATION_LEVEL = "-Onone";
				SWIFT_VERSION = 5.0;
			};
			name = Debug;
		};
		BF45869C229872EA00BD7491 /* Release */ = {
			isa = XCBuildConfiguration;
			buildSettings = {
				ASSETCATALOG_COMPILER_APPICON_NAME = AppIcon;
				CLANG_ENABLE_MODULES = YES;
				CODE_SIGN_IDENTITY = "Mac Developer";
				CODE_SIGN_STYLE = Automatic;
				COMBINE_HIDPI_IMAGES = YES;
				DEVELOPMENT_TEAM = 6XVY5G3U44;
				GCC_PREPROCESSOR_DEFINITIONS = (
					"$(inherited)",
					HAVE_OPENSSL,
					HAVE_STPNCPY,
					HAVE_STPCPY,
					HAVE_VASPRINTF,
					HAVE_ASPRINTF,
					"\"PACKAGE_STRING=\\\"AltServer 1.0\\\"\"",
				);
				HEADER_SEARCH_PATHS = (
					"\"$(SRCROOT)/Dependencies/AltSign/Dependencies/ldid/libplist/include\"",
					"\"$(SRCROOT)/Dependencies/libimobiledevice\"",
					"\"$(SRCROOT)/Dependencies/libimobiledevice/include\"",
					"\"$(SRCROOT)/Dependencies/AltSign/Dependencies/OpenSSL/macos/include\"",
					"\"$(SRCROOT)/Dependencies/libusbmuxd/include\"",
					"\"$(SRCROOT)/Dependencies/AltSign/Dependencies/libzip/lib\"",
					"\"$(SRCROOT)/Dependencies/AltSign/Dependencies/ldid/libplist/libcnary/include\"",
					"\"${SDKROOT}/usr/include/libxml2\"",
					"\"$(SRCROOT)/Dependencies/AltSign/Dependencies/libzip/xcode\"",
				);
				INFOPLIST_FILE = AltServer/Info.plist;
				LD_RUNPATH_SEARCH_PATHS = (
					"$(inherited)",
					"@executable_path/../Frameworks",
				);
				MACOSX_DEPLOYMENT_TARGET = 10.14;
				PRODUCT_BUNDLE_IDENTIFIER = com.rileytestut.AltServer;
				PRODUCT_NAME = "$(TARGET_NAME)";
				SDKROOT = macosx;
				SWIFT_OBJC_BRIDGING_HEADER = "AltServer/AltServer-Bridging-Header.h";
				SWIFT_VERSION = 5.0;
			};
			name = Release;
		};
		BF4587342298D31600BD7491 /* Debug */ = {
			isa = XCBuildConfiguration;
			buildSettings = {
				CODE_SIGN_IDENTITY = "Mac Developer";
				CODE_SIGN_STYLE = Automatic;
				DEVELOPMENT_TEAM = 6XVY5G3U44;
				EXECUTABLE_PREFIX = lib;
				GCC_ENABLE_CPP_EXCEPTIONS = YES;
				GCC_ENABLE_CPP_RTTI = YES;
				GCC_PREPROCESSOR_DEFINITIONS = (
					"$(inherited)",
					HAVE_OPENSSL,
					HAVE_STPNCPY,
					HAVE_STPCPY,
					HAVE_VASPRINTF,
					HAVE_ASPRINTF,
					"\"PACKAGE_STRING=\\\"AltServer 1.0\\\"\"",
				);
				GCC_WARN_INHIBIT_ALL_WARNINGS = YES;
				HEADER_SEARCH_PATHS = (
					"\"$(SRCROOT)/Dependencies/AltSign/Dependencies/ldid/libplist/include\"",
					"\"$(SRCROOT)/Dependencies/libimobiledevice\"",
					"\"$(SRCROOT)/Dependencies/libimobiledevice/include\"",
					"\"$(SRCROOT)/Dependencies/AltSign/Dependencies/OpenSSL/macos/include\"",
					"\"$(SRCROOT)/Dependencies/libusbmuxd/include\"",
					"\"$(SRCROOT)/Dependencies/AltSign/Dependencies/libzip/lib\"",
					"\"$(SRCROOT)/Dependencies/AltSign/Dependencies/ldid/libplist/libcnary/include\"",
					"\"${SDKROOT}/usr/include/libxml2\"",
					"\"$(SRCROOT)/Dependencies/AltSign/Dependencies/libzip/xcode\"",
				);
				MACOSX_DEPLOYMENT_TARGET = 10.14;
				PRODUCT_NAME = imobiledevice;
				SDKROOT = macosx;
				SKIP_INSTALL = YES;
			};
			name = Debug;
		};
		BF4587352298D31600BD7491 /* Release */ = {
			isa = XCBuildConfiguration;
			buildSettings = {
				CODE_SIGN_IDENTITY = "Mac Developer";
				CODE_SIGN_STYLE = Automatic;
				DEVELOPMENT_TEAM = 6XVY5G3U44;
				EXECUTABLE_PREFIX = lib;
				GCC_ENABLE_CPP_EXCEPTIONS = YES;
				GCC_ENABLE_CPP_RTTI = YES;
				GCC_PREPROCESSOR_DEFINITIONS = (
					"$(inherited)",
					HAVE_OPENSSL,
					HAVE_STPNCPY,
					HAVE_STPCPY,
					HAVE_VASPRINTF,
					HAVE_ASPRINTF,
					"\"PACKAGE_STRING=\\\"AltServer 1.0\\\"\"",
				);
				GCC_WARN_INHIBIT_ALL_WARNINGS = YES;
				HEADER_SEARCH_PATHS = (
					"\"$(SRCROOT)/Dependencies/AltSign/Dependencies/ldid/libplist/include\"",
					"\"$(SRCROOT)/Dependencies/libimobiledevice\"",
					"\"$(SRCROOT)/Dependencies/libimobiledevice/include\"",
					"\"$(SRCROOT)/Dependencies/AltSign/Dependencies/OpenSSL/macos/include\"",
					"\"$(SRCROOT)/Dependencies/libusbmuxd/include\"",
					"\"$(SRCROOT)/Dependencies/AltSign/Dependencies/libzip/lib\"",
					"\"$(SRCROOT)/Dependencies/AltSign/Dependencies/ldid/libplist/libcnary/include\"",
					"\"${SDKROOT}/usr/include/libxml2\"",
					"\"$(SRCROOT)/Dependencies/AltSign/Dependencies/libzip/xcode\"",
				);
				MACOSX_DEPLOYMENT_TARGET = 10.14;
				PRODUCT_NAME = imobiledevice;
				SDKROOT = macosx;
				SKIP_INSTALL = YES;
			};
			name = Release;
		};
		BFD2477C2284B9A700981D42 /* Debug */ = {
			isa = XCBuildConfiguration;
			buildSettings = {
				ALWAYS_SEARCH_USER_PATHS = NO;
				CLANG_ANALYZER_NONNULL = YES;
				CLANG_ANALYZER_NUMBER_OBJECT_CONVERSION = YES_AGGRESSIVE;
				CLANG_CXX_LANGUAGE_STANDARD = "gnu++14";
				CLANG_CXX_LIBRARY = "libc++";
				CLANG_ENABLE_MODULES = YES;
				CLANG_ENABLE_OBJC_ARC = YES;
				CLANG_ENABLE_OBJC_WEAK = YES;
				CLANG_WARN_BLOCK_CAPTURE_AUTORELEASING = YES;
				CLANG_WARN_BOOL_CONVERSION = YES;
				CLANG_WARN_COMMA = YES;
				CLANG_WARN_CONSTANT_CONVERSION = YES;
				CLANG_WARN_DEPRECATED_OBJC_IMPLEMENTATIONS = YES;
				CLANG_WARN_DIRECT_OBJC_ISA_USAGE = YES_ERROR;
				CLANG_WARN_DOCUMENTATION_COMMENTS = NO;
				CLANG_WARN_EMPTY_BODY = YES;
				CLANG_WARN_ENUM_CONVERSION = YES;
				CLANG_WARN_INFINITE_RECURSION = YES;
				CLANG_WARN_INT_CONVERSION = YES;
				CLANG_WARN_NON_LITERAL_NULL_CONVERSION = YES;
				CLANG_WARN_OBJC_IMPLICIT_RETAIN_SELF = YES;
				CLANG_WARN_OBJC_LITERAL_CONVERSION = YES;
				CLANG_WARN_OBJC_ROOT_CLASS = YES_ERROR;
				CLANG_WARN_RANGE_LOOP_ANALYSIS = YES;
				CLANG_WARN_STRICT_PROTOTYPES = YES;
				CLANG_WARN_SUSPICIOUS_MOVE = YES;
				CLANG_WARN_UNGUARDED_AVAILABILITY = YES_AGGRESSIVE;
				CLANG_WARN_UNREACHABLE_CODE = YES;
				CLANG_WARN__DUPLICATE_METHOD_MATCH = YES;
				CODE_SIGN_IDENTITY = "iPhone Developer";
				COPY_PHASE_STRIP = NO;
				DEBUG_INFORMATION_FORMAT = dwarf;
				ENABLE_STRICT_OBJC_MSGSEND = YES;
				ENABLE_TESTABILITY = YES;
				GCC_C_LANGUAGE_STANDARD = gnu11;
				GCC_DYNAMIC_NO_PIC = NO;
				GCC_NO_COMMON_BLOCKS = YES;
				GCC_OPTIMIZATION_LEVEL = 0;
				GCC_PREPROCESSOR_DEFINITIONS = (
					"DEBUG=1",
					"$(inherited)",
				);
				GCC_WARN_64_TO_32_BIT_CONVERSION = YES;
				GCC_WARN_ABOUT_RETURN_TYPE = YES_ERROR;
				GCC_WARN_UNDECLARED_SELECTOR = YES;
				GCC_WARN_UNINITIALIZED_AUTOS = YES_AGGRESSIVE;
				GCC_WARN_UNUSED_FUNCTION = YES;
				GCC_WARN_UNUSED_VARIABLE = YES;
				IPHONEOS_DEPLOYMENT_TARGET = 12.2;
				MTL_ENABLE_DEBUG_INFO = INCLUDE_SOURCE;
				MTL_FAST_MATH = YES;
				ONLY_ACTIVE_ARCH = YES;
				SDKROOT = iphoneos;
				SWIFT_ACTIVE_COMPILATION_CONDITIONS = DEBUG;
				SWIFT_OPTIMIZATION_LEVEL = "-Onone";
			};
			name = Debug;
		};
		BFD2477D2284B9A700981D42 /* Release */ = {
			isa = XCBuildConfiguration;
			buildSettings = {
				ALWAYS_SEARCH_USER_PATHS = NO;
				CLANG_ANALYZER_NONNULL = YES;
				CLANG_ANALYZER_NUMBER_OBJECT_CONVERSION = YES_AGGRESSIVE;
				CLANG_CXX_LANGUAGE_STANDARD = "gnu++14";
				CLANG_CXX_LIBRARY = "libc++";
				CLANG_ENABLE_MODULES = YES;
				CLANG_ENABLE_OBJC_ARC = YES;
				CLANG_ENABLE_OBJC_WEAK = YES;
				CLANG_WARN_BLOCK_CAPTURE_AUTORELEASING = YES;
				CLANG_WARN_BOOL_CONVERSION = YES;
				CLANG_WARN_COMMA = YES;
				CLANG_WARN_CONSTANT_CONVERSION = YES;
				CLANG_WARN_DEPRECATED_OBJC_IMPLEMENTATIONS = YES;
				CLANG_WARN_DIRECT_OBJC_ISA_USAGE = YES_ERROR;
				CLANG_WARN_DOCUMENTATION_COMMENTS = NO;
				CLANG_WARN_EMPTY_BODY = YES;
				CLANG_WARN_ENUM_CONVERSION = YES;
				CLANG_WARN_INFINITE_RECURSION = YES;
				CLANG_WARN_INT_CONVERSION = YES;
				CLANG_WARN_NON_LITERAL_NULL_CONVERSION = YES;
				CLANG_WARN_OBJC_IMPLICIT_RETAIN_SELF = YES;
				CLANG_WARN_OBJC_LITERAL_CONVERSION = YES;
				CLANG_WARN_OBJC_ROOT_CLASS = YES_ERROR;
				CLANG_WARN_RANGE_LOOP_ANALYSIS = YES;
				CLANG_WARN_STRICT_PROTOTYPES = YES;
				CLANG_WARN_SUSPICIOUS_MOVE = YES;
				CLANG_WARN_UNGUARDED_AVAILABILITY = YES_AGGRESSIVE;
				CLANG_WARN_UNREACHABLE_CODE = YES;
				CLANG_WARN__DUPLICATE_METHOD_MATCH = YES;
				CODE_SIGN_IDENTITY = "iPhone Developer";
				COPY_PHASE_STRIP = NO;
				DEBUG_INFORMATION_FORMAT = "dwarf-with-dsym";
				ENABLE_NS_ASSERTIONS = NO;
				ENABLE_STRICT_OBJC_MSGSEND = YES;
				GCC_C_LANGUAGE_STANDARD = gnu11;
				GCC_NO_COMMON_BLOCKS = YES;
				GCC_WARN_64_TO_32_BIT_CONVERSION = YES;
				GCC_WARN_ABOUT_RETURN_TYPE = YES_ERROR;
				GCC_WARN_UNDECLARED_SELECTOR = YES;
				GCC_WARN_UNINITIALIZED_AUTOS = YES_AGGRESSIVE;
				GCC_WARN_UNUSED_FUNCTION = YES;
				GCC_WARN_UNUSED_VARIABLE = YES;
				IPHONEOS_DEPLOYMENT_TARGET = 12.2;
				MTL_ENABLE_DEBUG_INFO = NO;
				MTL_FAST_MATH = YES;
				SDKROOT = iphoneos;
				SWIFT_COMPILATION_MODE = wholemodule;
				SWIFT_OPTIMIZATION_LEVEL = "-O";
				VALIDATE_PRODUCT = YES;
			};
			name = Release;
		};
		BFD2477F2284B9A700981D42 /* Debug */ = {
			isa = XCBuildConfiguration;
			buildSettings = {
				ASSETCATALOG_COMPILER_APPICON_NAME = AppIcon;
				CODE_SIGN_STYLE = Automatic;
				DEVELOPMENT_TEAM = 6XVY5G3U44;
				INFOPLIST_FILE = AltStore/Info.plist;
				LD_RUNPATH_SEARCH_PATHS = (
					"$(inherited)",
					"@executable_path/Frameworks",
				);
				PRODUCT_BUNDLE_IDENTIFIER = com.rileytestut.AltStore;
				PRODUCT_NAME = "$(TARGET_NAME)";
				SWIFT_VERSION = 5.0;
				TARGETED_DEVICE_FAMILY = "1,2";
			};
			name = Debug;
		};
		BFD247802284B9A700981D42 /* Release */ = {
			isa = XCBuildConfiguration;
			buildSettings = {
				ASSETCATALOG_COMPILER_APPICON_NAME = AppIcon;
				CODE_SIGN_STYLE = Automatic;
				DEVELOPMENT_TEAM = 6XVY5G3U44;
				INFOPLIST_FILE = AltStore/Info.plist;
				LD_RUNPATH_SEARCH_PATHS = (
					"$(inherited)",
					"@executable_path/Frameworks",
				);
				PRODUCT_BUNDLE_IDENTIFIER = com.rileytestut.AltStore;
				PRODUCT_NAME = "$(TARGET_NAME)";
				SWIFT_VERSION = 5.0;
				TARGETED_DEVICE_FAMILY = "1,2";
			};
			name = Release;
		};
/* End XCBuildConfiguration section */

/* Begin XCConfigurationList section */
		BF45869A229872EA00BD7491 /* Build configuration list for PBXNativeTarget "AltServer" */ = {
			isa = XCConfigurationList;
			buildConfigurations = (
				BF45869B229872EA00BD7491 /* Debug */,
				BF45869C229872EA00BD7491 /* Release */,
			);
			defaultConfigurationIsVisible = 0;
			defaultConfigurationName = Release;
		};
		BF4587332298D31600BD7491 /* Build configuration list for PBXNativeTarget "libimobiledevice" */ = {
			isa = XCConfigurationList;
			buildConfigurations = (
				BF4587342298D31600BD7491 /* Debug */,
				BF4587352298D31600BD7491 /* Release */,
			);
			defaultConfigurationIsVisible = 0;
			defaultConfigurationName = Release;
		};
		BFD247652284B9A500981D42 /* Build configuration list for PBXProject "AltStore" */ = {
			isa = XCConfigurationList;
			buildConfigurations = (
				BFD2477C2284B9A700981D42 /* Debug */,
				BFD2477D2284B9A700981D42 /* Release */,
			);
			defaultConfigurationIsVisible = 0;
			defaultConfigurationName = Release;
		};
		BFD2477E2284B9A700981D42 /* Build configuration list for PBXNativeTarget "AltStore" */ = {
			isa = XCConfigurationList;
			buildConfigurations = (
				BFD2477F2284B9A700981D42 /* Debug */,
				BFD247802284B9A700981D42 /* Release */,
			);
			defaultConfigurationIsVisible = 0;
			defaultConfigurationName = Release;
		};
/* End XCConfigurationList section */

/* Begin XCVersionGroup section */
		BFBBE2DB22931B20002097FA /* AltStore.xcdatamodeld */ = {
			isa = XCVersionGroup;
			children = (
				BFBBE2DC22931B20002097FA /* AltStore.xcdatamodel */,
			);
			currentVersion = BFBBE2DC22931B20002097FA /* AltStore.xcdatamodel */;
			path = AltStore.xcdatamodeld;
			sourceTree = "<group>";
			versionGroupType = wrapper.xcdatamodel;
		};
/* End XCVersionGroup section */
	};
	rootObject = BFD247622284B9A500981D42 /* Project object */;
}
