// !$*UTF8*$!
{
	archiveVersion = 1;
	classes = {
	};
	objectVersion = 50;
	objects = {

/* Begin PBXBuildFile section */
		BF5AB3A82285FE7500DC914B /* AltSign.framework in Frameworks */ = {isa = PBXBuildFile; fileRef = BF5AB3A72285FE6C00DC914B /* AltSign.framework */; };
		BF5AB3A92285FE7500DC914B /* AltSign.framework in Embed Frameworks */ = {isa = PBXBuildFile; fileRef = BF5AB3A72285FE6C00DC914B /* AltSign.framework */; settings = {ATTRIBUTES = (CodeSignOnCopy, RemoveHeadersOnCopy, ); }; };
		BFB11692229322E400BB457C /* DatabaseManager.swift in Sources */ = {isa = PBXBuildFile; fileRef = BFB11691229322E400BB457C /* DatabaseManager.swift */; };
		BFB1169B2293274D00BB457C /* JSONDecoder+ManagedObjectContext.swift in Sources */ = {isa = PBXBuildFile; fileRef = BFB1169A2293274D00BB457C /* JSONDecoder+ManagedObjectContext.swift */; };
		BFB1169D22932DB100BB457C /* Apps.json in Resources */ = {isa = PBXBuildFile; fileRef = BFB1169C22932DB100BB457C /* Apps.json */; };
		BFB116A022933DEB00BB457C /* UpdatesViewController.swift in Sources */ = {isa = PBXBuildFile; fileRef = BFB1169F22933DEB00BB457C /* UpdatesViewController.swift */; };
		BFBBE2DD22931B20002097FA /* AltStore.xcdatamodeld in Sources */ = {isa = PBXBuildFile; fileRef = BFBBE2DB22931B20002097FA /* AltStore.xcdatamodeld */; };
		BFBBE2DF22931F73002097FA /* App.swift in Sources */ = {isa = PBXBuildFile; fileRef = BFBBE2DE22931F73002097FA /* App.swift */; };
		BFBBE2E122931F81002097FA /* InstalledApp.swift in Sources */ = {isa = PBXBuildFile; fileRef = BFBBE2E022931F81002097FA /* InstalledApp.swift */; };
		BFD2476E2284B9A500981D42 /* AppDelegate.swift in Sources */ = {isa = PBXBuildFile; fileRef = BFD2476D2284B9A500981D42 /* AppDelegate.swift */; };
		BFD247702284B9A500981D42 /* AppsViewController.swift in Sources */ = {isa = PBXBuildFile; fileRef = BFD2476F2284B9A500981D42 /* AppsViewController.swift */; };
		BFD247722284B9A500981D42 /* MyAppsViewController.swift in Sources */ = {isa = PBXBuildFile; fileRef = BFD247712284B9A500981D42 /* MyAppsViewController.swift */; };
		BFD247752284B9A500981D42 /* Main.storyboard in Resources */ = {isa = PBXBuildFile; fileRef = BFD247732284B9A500981D42 /* Main.storyboard */; };
		BFD247772284B9A700981D42 /* Assets.xcassets in Resources */ = {isa = PBXBuildFile; fileRef = BFD247762284B9A700981D42 /* Assets.xcassets */; };
		BFD2477A2284B9A700981D42 /* LaunchScreen.storyboard in Resources */ = {isa = PBXBuildFile; fileRef = BFD247782284B9A700981D42 /* LaunchScreen.storyboard */; };
		BFD247872284BB4200981D42 /* Roxas.framework in Frameworks */ = {isa = PBXBuildFile; fileRef = BFD247862284BB3B00981D42 /* Roxas.framework */; };
		BFD247882284BB4200981D42 /* Roxas.framework in Embed Frameworks */ = {isa = PBXBuildFile; fileRef = BFD247862284BB3B00981D42 /* Roxas.framework */; settings = {ATTRIBUTES = (CodeSignOnCopy, RemoveHeadersOnCopy, ); }; };
		BFD2478C2284C4C300981D42 /* AppIconImageView.swift in Sources */ = {isa = PBXBuildFile; fileRef = BFD2478B2284C4C300981D42 /* AppIconImageView.swift */; };
		BFD2478F2284C8F900981D42 /* Button.swift in Sources */ = {isa = PBXBuildFile; fileRef = BFD2478E2284C8F900981D42 /* Button.swift */; };
		BFD247932284D4B700981D42 /* AppTableViewCell.swift in Sources */ = {isa = PBXBuildFile; fileRef = BFD247922284D4B700981D42 /* AppTableViewCell.swift */; };
		BFD2479C2284E19A00981D42 /* AppDetailViewController.swift in Sources */ = {isa = PBXBuildFile; fileRef = BFD2479B2284E19A00981D42 /* AppDetailViewController.swift */; };
		BFD2479F2284FBD000981D42 /* UIColor+AltStore.swift in Sources */ = {isa = PBXBuildFile; fileRef = BFD2479E2284FBD000981D42 /* UIColor+AltStore.swift */; };
/* End PBXBuildFile section */

/* Begin PBXCopyFilesBuildPhase section */
		BFD247842284BB2C00981D42 /* Embed Frameworks */ = {
			isa = PBXCopyFilesBuildPhase;
			buildActionMask = 2147483647;
			dstPath = "";
			dstSubfolderSpec = 10;
			files = (
				BFD247882284BB4200981D42 /* Roxas.framework in Embed Frameworks */,
				BF5AB3A92285FE7500DC914B /* AltSign.framework in Embed Frameworks */,
			);
			name = "Embed Frameworks";
			runOnlyForDeploymentPostprocessing = 0;
		};
/* End PBXCopyFilesBuildPhase section */

/* Begin PBXFileReference section */
		BF5AB3A72285FE6C00DC914B /* AltSign.framework */ = {isa = PBXFileReference; lastKnownFileType = wrapper.framework; path = AltSign.framework; sourceTree = BUILT_PRODUCTS_DIR; };
		BFB11691229322E400BB457C /* DatabaseManager.swift */ = {isa = PBXFileReference; lastKnownFileType = sourcecode.swift; path = DatabaseManager.swift; sourceTree = "<group>"; };
		BFB1169A2293274D00BB457C /* JSONDecoder+ManagedObjectContext.swift */ = {isa = PBXFileReference; fileEncoding = 4; lastKnownFileType = sourcecode.swift; path = "JSONDecoder+ManagedObjectContext.swift"; sourceTree = "<group>"; };
		BFB1169C22932DB100BB457C /* Apps.json */ = {isa = PBXFileReference; fileEncoding = 4; lastKnownFileType = text.json; path = Apps.json; sourceTree = "<group>"; };
		BFB1169F22933DEB00BB457C /* UpdatesViewController.swift */ = {isa = PBXFileReference; lastKnownFileType = sourcecode.swift; path = UpdatesViewController.swift; sourceTree = "<group>"; };
		BFBBE2DC22931B20002097FA /* AltStore.xcdatamodel */ = {isa = PBXFileReference; lastKnownFileType = wrapper.xcdatamodel; path = AltStore.xcdatamodel; sourceTree = "<group>"; };
		BFBBE2DE22931F73002097FA /* App.swift */ = {isa = PBXFileReference; lastKnownFileType = sourcecode.swift; path = App.swift; sourceTree = "<group>"; };
		BFBBE2E022931F81002097FA /* InstalledApp.swift */ = {isa = PBXFileReference; lastKnownFileType = sourcecode.swift; path = InstalledApp.swift; sourceTree = "<group>"; };
		BFD2476A2284B9A500981D42 /* AltStore.app */ = {isa = PBXFileReference; explicitFileType = wrapper.application; includeInIndex = 0; path = AltStore.app; sourceTree = BUILT_PRODUCTS_DIR; };
		BFD2476D2284B9A500981D42 /* AppDelegate.swift */ = {isa = PBXFileReference; lastKnownFileType = sourcecode.swift; path = AppDelegate.swift; sourceTree = "<group>"; };
		BFD2476F2284B9A500981D42 /* AppsViewController.swift */ = {isa = PBXFileReference; lastKnownFileType = sourcecode.swift; path = AppsViewController.swift; sourceTree = "<group>"; };
		BFD247712284B9A500981D42 /* MyAppsViewController.swift */ = {isa = PBXFileReference; lastKnownFileType = sourcecode.swift; path = MyAppsViewController.swift; sourceTree = "<group>"; };
		BFD247742284B9A500981D42 /* Base */ = {isa = PBXFileReference; lastKnownFileType = file.storyboard; name = Base; path = Base.lproj/Main.storyboard; sourceTree = "<group>"; };
		BFD247762284B9A700981D42 /* Assets.xcassets */ = {isa = PBXFileReference; lastKnownFileType = folder.assetcatalog; path = Assets.xcassets; sourceTree = "<group>"; };
		BFD247792284B9A700981D42 /* Base */ = {isa = PBXFileReference; lastKnownFileType = file.storyboard; name = Base; path = Base.lproj/LaunchScreen.storyboard; sourceTree = "<group>"; };
		BFD2477B2284B9A700981D42 /* Info.plist */ = {isa = PBXFileReference; lastKnownFileType = text.plist.xml; path = Info.plist; sourceTree = "<group>"; };
		BFD247862284BB3B00981D42 /* Roxas.framework */ = {isa = PBXFileReference; lastKnownFileType = wrapper.framework; path = Roxas.framework; sourceTree = BUILT_PRODUCTS_DIR; };
		BFD2478B2284C4C300981D42 /* AppIconImageView.swift */ = {isa = PBXFileReference; lastKnownFileType = sourcecode.swift; path = AppIconImageView.swift; sourceTree = "<group>"; };
		BFD2478E2284C8F900981D42 /* Button.swift */ = {isa = PBXFileReference; lastKnownFileType = sourcecode.swift; path = Button.swift; sourceTree = "<group>"; };
		BFD247922284D4B700981D42 /* AppTableViewCell.swift */ = {isa = PBXFileReference; lastKnownFileType = sourcecode.swift; path = AppTableViewCell.swift; sourceTree = "<group>"; };
		BFD2479B2284E19A00981D42 /* AppDetailViewController.swift */ = {isa = PBXFileReference; lastKnownFileType = sourcecode.swift; path = AppDetailViewController.swift; sourceTree = "<group>"; };
		BFD2479E2284FBD000981D42 /* UIColor+AltStore.swift */ = {isa = PBXFileReference; lastKnownFileType = sourcecode.swift; path = "UIColor+AltStore.swift"; sourceTree = "<group>"; };
/* End PBXFileReference section */

/* Begin PBXFrameworksBuildPhase section */
		BFD247672284B9A500981D42 /* Frameworks */ = {
			isa = PBXFrameworksBuildPhase;
			buildActionMask = 2147483647;
			files = (
				BFD247872284BB4200981D42 /* Roxas.framework in Frameworks */,
				BF5AB3A82285FE7500DC914B /* AltSign.framework in Frameworks */,
			);
			runOnlyForDeploymentPostprocessing = 0;
		};
/* End PBXFrameworksBuildPhase section */

/* Begin PBXGroup section */
		BFB1169E22933DDC00BB457C /* Updates */ = {
			isa = PBXGroup;
			children = (
				BFB1169F22933DEB00BB457C /* UpdatesViewController.swift */,
			);
			path = Updates;
			sourceTree = "<group>";
		};
		BFBBE2E2229320A2002097FA /* My Apps */ = {
			isa = PBXGroup;
			children = (
				BFD247712284B9A500981D42 /* MyAppsViewController.swift */,
			);
			path = "My Apps";
			sourceTree = "<group>";
		};
		BFD247612284B9A500981D42 = {
			isa = PBXGroup;
			children = (
				BFD2476C2284B9A500981D42 /* AltStore */,
				BFD247852284BB3300981D42 /* Frameworks */,
				BFD2476B2284B9A500981D42 /* Products */,
			);
			sourceTree = "<group>";
		};
		BFD2476B2284B9A500981D42 /* Products */ = {
			isa = PBXGroup;
			children = (
				BFD2476A2284B9A500981D42 /* AltStore.app */,
			);
			name = Products;
			sourceTree = "<group>";
		};
		BFD2476C2284B9A500981D42 /* AltStore */ = {
			isa = PBXGroup;
			children = (
				BFD2476D2284B9A500981D42 /* AppDelegate.swift */,
				BFD247732284B9A500981D42 /* Main.storyboard */,
				BFD2478A2284C49000981D42 /* Apps */,
				BFBBE2E2229320A2002097FA /* My Apps */,
				BFB1169E22933DDC00BB457C /* Updates */,
				BFD247982284D7FC00981D42 /* Model */,
				BFD2478D2284C4C700981D42 /* Components */,
				BFD2479D2284FBBD00981D42 /* Extensions */,
				BFD247962284D7C100981D42 /* Resources */,
				BFD247972284D7D800981D42 /* Supporting Files */,
			);
			path = AltStore;
			sourceTree = "<group>";
		};
		BFD247852284BB3300981D42 /* Frameworks */ = {
			isa = PBXGroup;
			children = (
				BFD247862284BB3B00981D42 /* Roxas.framework */,
				BF5AB3A72285FE6C00DC914B /* AltSign.framework */,
			);
			name = Frameworks;
			sourceTree = "<group>";
		};
		BFD2478A2284C49000981D42 /* Apps */ = {
			isa = PBXGroup;
			children = (
				BFD2476F2284B9A500981D42 /* AppsViewController.swift */,
				BFD247922284D4B700981D42 /* AppTableViewCell.swift */,
				BFD2479B2284E19A00981D42 /* AppDetailViewController.swift */,
			);
			path = Apps;
			sourceTree = "<group>";
		};
		BFD2478D2284C4C700981D42 /* Components */ = {
			isa = PBXGroup;
			children = (
				BFD2478B2284C4C300981D42 /* AppIconImageView.swift */,
				BFD2478E2284C8F900981D42 /* Button.swift */,
			);
			path = Components;
			sourceTree = "<group>";
		};
		BFD247962284D7C100981D42 /* Resources */ = {
			isa = PBXGroup;
			children = (
				BFD247762284B9A700981D42 /* Assets.xcassets */,
				BFB1169C22932DB100BB457C /* Apps.json */,
			);
			path = Resources;
			sourceTree = "<group>";
		};
		BFD247972284D7D800981D42 /* Supporting Files */ = {
			isa = PBXGroup;
			children = (
				BFD247782284B9A700981D42 /* LaunchScreen.storyboard */,
				BFD2477B2284B9A700981D42 /* Info.plist */,
			);
			name = "Supporting Files";
			sourceTree = "<group>";
		};
		BFD247982284D7FC00981D42 /* Model */ = {
			isa = PBXGroup;
			children = (
				BFBBE2DB22931B20002097FA /* AltStore.xcdatamodeld */,
				BFB11691229322E400BB457C /* DatabaseManager.swift */,
				BFBBE2DE22931F73002097FA /* App.swift */,
				BFBBE2E022931F81002097FA /* InstalledApp.swift */,
			);
			path = Model;
			sourceTree = "<group>";
		};
		BFD2479D2284FBBD00981D42 /* Extensions */ = {
			isa = PBXGroup;
			children = (
				BFD2479E2284FBD000981D42 /* UIColor+AltStore.swift */,
				BFB1169A2293274D00BB457C /* JSONDecoder+ManagedObjectContext.swift */,
			);
			path = Extensions;
			sourceTree = "<group>";
		};
/* End PBXGroup section */

/* Begin PBXNativeTarget section */
		BFD247692284B9A500981D42 /* AltStore */ = {
			isa = PBXNativeTarget;
			buildConfigurationList = BFD2477E2284B9A700981D42 /* Build configuration list for PBXNativeTarget "AltStore" */;
			buildPhases = (
				BFD247662284B9A500981D42 /* Sources */,
				BFD247672284B9A500981D42 /* Frameworks */,
				BFD247682284B9A500981D42 /* Resources */,
				BFD247842284BB2C00981D42 /* Embed Frameworks */,
			);
			buildRules = (
			);
			dependencies = (
			);
			name = AltStore;
			productName = AltStore;
			productReference = BFD2476A2284B9A500981D42 /* AltStore.app */;
			productType = "com.apple.product-type.application";
		};
/* End PBXNativeTarget section */

/* Begin PBXProject section */
		BFD247622284B9A500981D42 /* Project object */ = {
			isa = PBXProject;
			attributes = {
				LastSwiftUpdateCheck = 1020;
				LastUpgradeCheck = 1020;
				ORGANIZATIONNAME = "Riley Testut";
				TargetAttributes = {
					BFD247692284B9A500981D42 = {
						CreatedOnToolsVersion = 10.2.1;
					};
				};
			};
			buildConfigurationList = BFD247652284B9A500981D42 /* Build configuration list for PBXProject "AltStore" */;
			compatibilityVersion = "Xcode 9.3";
			developmentRegion = en;
			hasScannedForEncodings = 0;
			knownRegions = (
				en,
				Base,
			);
			mainGroup = BFD247612284B9A500981D42;
			productRefGroup = BFD2476B2284B9A500981D42 /* Products */;
			projectDirPath = "";
			projectRoot = "";
			targets = (
				BFD247692284B9A500981D42 /* AltStore */,
			);
		};
/* End PBXProject section */

/* Begin PBXResourcesBuildPhase section */
		BFD247682284B9A500981D42 /* Resources */ = {
			isa = PBXResourcesBuildPhase;
			buildActionMask = 2147483647;
			files = (
				BFB1169D22932DB100BB457C /* Apps.json in Resources */,
				BFD2477A2284B9A700981D42 /* LaunchScreen.storyboard in Resources */,
				BFD247772284B9A700981D42 /* Assets.xcassets in Resources */,
				BFD247752284B9A500981D42 /* Main.storyboard in Resources */,
			);
			runOnlyForDeploymentPostprocessing = 0;
		};
/* End PBXResourcesBuildPhase section */

/* Begin PBXSourcesBuildPhase section */
		BFD247662284B9A500981D42 /* Sources */ = {
			isa = PBXSourcesBuildPhase;
			buildActionMask = 2147483647;
			files = (
				BFD2478F2284C8F900981D42 /* Button.swift in Sources */,
				BFD247722284B9A500981D42 /* MyAppsViewController.swift in Sources */,
				BFB11692229322E400BB457C /* DatabaseManager.swift in Sources */,
				BFBBE2E122931F81002097FA /* InstalledApp.swift in Sources */,
				BFBBE2DF22931F73002097FA /* App.swift in Sources */,
				BFD2478C2284C4C300981D42 /* AppIconImageView.swift in Sources */,
				BFD2479C2284E19A00981D42 /* AppDetailViewController.swift in Sources */,
				BFD2476E2284B9A500981D42 /* AppDelegate.swift in Sources */,
				BFD247702284B9A500981D42 /* AppsViewController.swift in Sources */,
				BFB116A022933DEB00BB457C /* UpdatesViewController.swift in Sources */,
				BFBBE2DD22931B20002097FA /* AltStore.xcdatamodeld in Sources */,
				BFB1169B2293274D00BB457C /* JSONDecoder+ManagedObjectContext.swift in Sources */,
				BFD247932284D4B700981D42 /* AppTableViewCell.swift in Sources */,
				BFD2479F2284FBD000981D42 /* UIColor+AltStore.swift in Sources */,
			);
			runOnlyForDeploymentPostprocessing = 0;
		};
/* End PBXSourcesBuildPhase section */

/* Begin PBXVariantGroup section */
		BFD247732284B9A500981D42 /* Main.storyboard */ = {
			isa = PBXVariantGroup;
			children = (
				BFD247742284B9A500981D42 /* Base */,
			);
			name = Main.storyboard;
			sourceTree = "<group>";
		};
		BFD247782284B9A700981D42 /* LaunchScreen.storyboard */ = {
			isa = PBXVariantGroup;
			children = (
				BFD247792284B9A700981D42 /* Base */,
			);
			name = LaunchScreen.storyboard;
			sourceTree = "<group>";
		};
/* End PBXVariantGroup section */

/* Begin XCBuildConfiguration section */
		BFD2477C2284B9A700981D42 /* Debug */ = {
			isa = XCBuildConfiguration;
			buildSettings = {
				ALWAYS_SEARCH_USER_PATHS = NO;
				CLANG_ANALYZER_NONNULL = YES;
				CLANG_ANALYZER_NUMBER_OBJECT_CONVERSION = YES_AGGRESSIVE;
				CLANG_CXX_LANGUAGE_STANDARD = "gnu++14";
				CLANG_CXX_LIBRARY = "libc++";
				CLANG_ENABLE_MODULES = YES;
				CLANG_ENABLE_OBJC_ARC = YES;
				CLANG_ENABLE_OBJC_WEAK = YES;
				CLANG_WARN_BLOCK_CAPTURE_AUTORELEASING = YES;
				CLANG_WARN_BOOL_CONVERSION = YES;
				CLANG_WARN_COMMA = YES;
				CLANG_WARN_CONSTANT_CONVERSION = YES;
				CLANG_WARN_DEPRECATED_OBJC_IMPLEMENTATIONS = YES;
				CLANG_WARN_DIRECT_OBJC_ISA_USAGE = YES_ERROR;
				CLANG_WARN_DOCUMENTATION_COMMENTS = YES;
				CLANG_WARN_EMPTY_BODY = YES;
				CLANG_WARN_ENUM_CONVERSION = YES;
				CLANG_WARN_INFINITE_RECURSION = YES;
				CLANG_WARN_INT_CONVERSION = YES;
				CLANG_WARN_NON_LITERAL_NULL_CONVERSION = YES;
				CLANG_WARN_OBJC_IMPLICIT_RETAIN_SELF = YES;
				CLANG_WARN_OBJC_LITERAL_CONVERSION = YES;
				CLANG_WARN_OBJC_ROOT_CLASS = YES_ERROR;
				CLANG_WARN_RANGE_LOOP_ANALYSIS = YES;
				CLANG_WARN_STRICT_PROTOTYPES = YES;
				CLANG_WARN_SUSPICIOUS_MOVE = YES;
				CLANG_WARN_UNGUARDED_AVAILABILITY = YES_AGGRESSIVE;
				CLANG_WARN_UNREACHABLE_CODE = YES;
				CLANG_WARN__DUPLICATE_METHOD_MATCH = YES;
				CODE_SIGN_IDENTITY = "iPhone Developer";
				COPY_PHASE_STRIP = NO;
				DEBUG_INFORMATION_FORMAT = dwarf;
				ENABLE_STRICT_OBJC_MSGSEND = YES;
				ENABLE_TESTABILITY = YES;
				GCC_C_LANGUAGE_STANDARD = gnu11;
				GCC_DYNAMIC_NO_PIC = NO;
				GCC_NO_COMMON_BLOCKS = YES;
				GCC_OPTIMIZATION_LEVEL = 0;
				GCC_PREPROCESSOR_DEFINITIONS = (
					"DEBUG=1",
					"$(inherited)",
				);
				GCC_WARN_64_TO_32_BIT_CONVERSION = YES;
				GCC_WARN_ABOUT_RETURN_TYPE = YES_ERROR;
				GCC_WARN_UNDECLARED_SELECTOR = YES;
				GCC_WARN_UNINITIALIZED_AUTOS = YES_AGGRESSIVE;
				GCC_WARN_UNUSED_FUNCTION = YES;
				GCC_WARN_UNUSED_VARIABLE = YES;
				IPHONEOS_DEPLOYMENT_TARGET = 12.2;
				MTL_ENABLE_DEBUG_INFO = INCLUDE_SOURCE;
				MTL_FAST_MATH = YES;
				ONLY_ACTIVE_ARCH = YES;
				SDKROOT = iphoneos;
				SWIFT_ACTIVE_COMPILATION_CONDITIONS = DEBUG;
				SWIFT_OPTIMIZATION_LEVEL = "-Onone";
			};
			name = Debug;
		};
		BFD2477D2284B9A700981D42 /* Release */ = {
			isa = XCBuildConfiguration;
			buildSettings = {
				ALWAYS_SEARCH_USER_PATHS = NO;
				CLANG_ANALYZER_NONNULL = YES;
				CLANG_ANALYZER_NUMBER_OBJECT_CONVERSION = YES_AGGRESSIVE;
				CLANG_CXX_LANGUAGE_STANDARD = "gnu++14";
				CLANG_CXX_LIBRARY = "libc++";
				CLANG_ENABLE_MODULES = YES;
				CLANG_ENABLE_OBJC_ARC = YES;
				CLANG_ENABLE_OBJC_WEAK = YES;
				CLANG_WARN_BLOCK_CAPTURE_AUTORELEASING = YES;
				CLANG_WARN_BOOL_CONVERSION = YES;
				CLANG_WARN_COMMA = YES;
				CLANG_WARN_CONSTANT_CONVERSION = YES;
				CLANG_WARN_DEPRECATED_OBJC_IMPLEMENTATIONS = YES;
				CLANG_WARN_DIRECT_OBJC_ISA_USAGE = YES_ERROR;
				CLANG_WARN_DOCUMENTATION_COMMENTS = YES;
				CLANG_WARN_EMPTY_BODY = YES;
				CLANG_WARN_ENUM_CONVERSION = YES;
				CLANG_WARN_INFINITE_RECURSION = YES;
				CLANG_WARN_INT_CONVERSION = YES;
				CLANG_WARN_NON_LITERAL_NULL_CONVERSION = YES;
				CLANG_WARN_OBJC_IMPLICIT_RETAIN_SELF = YES;
				CLANG_WARN_OBJC_LITERAL_CONVERSION = YES;
				CLANG_WARN_OBJC_ROOT_CLASS = YES_ERROR;
				CLANG_WARN_RANGE_LOOP_ANALYSIS = YES;
				CLANG_WARN_STRICT_PROTOTYPES = YES;
				CLANG_WARN_SUSPICIOUS_MOVE = YES;
				CLANG_WARN_UNGUARDED_AVAILABILITY = YES_AGGRESSIVE;
				CLANG_WARN_UNREACHABLE_CODE = YES;
				CLANG_WARN__DUPLICATE_METHOD_MATCH = YES;
				CODE_SIGN_IDENTITY = "iPhone Developer";
				COPY_PHASE_STRIP = NO;
				DEBUG_INFORMATION_FORMAT = "dwarf-with-dsym";
				ENABLE_NS_ASSERTIONS = NO;
				ENABLE_STRICT_OBJC_MSGSEND = YES;
				GCC_C_LANGUAGE_STANDARD = gnu11;
				GCC_NO_COMMON_BLOCKS = YES;
				GCC_WARN_64_TO_32_BIT_CONVERSION = YES;
				GCC_WARN_ABOUT_RETURN_TYPE = YES_ERROR;
				GCC_WARN_UNDECLARED_SELECTOR = YES;
				GCC_WARN_UNINITIALIZED_AUTOS = YES_AGGRESSIVE;
				GCC_WARN_UNUSED_FUNCTION = YES;
				GCC_WARN_UNUSED_VARIABLE = YES;
				IPHONEOS_DEPLOYMENT_TARGET = 12.2;
				MTL_ENABLE_DEBUG_INFO = NO;
				MTL_FAST_MATH = YES;
				SDKROOT = iphoneos;
				SWIFT_COMPILATION_MODE = wholemodule;
				SWIFT_OPTIMIZATION_LEVEL = "-O";
				VALIDATE_PRODUCT = YES;
			};
			name = Release;
		};
		BFD2477F2284B9A700981D42 /* Debug */ = {
			isa = XCBuildConfiguration;
			buildSettings = {
				ASSETCATALOG_COMPILER_APPICON_NAME = AppIcon;
				CODE_SIGN_STYLE = Automatic;
				DEVELOPMENT_TEAM = 6XVY5G3U44;
				INFOPLIST_FILE = AltStore/Info.plist;
				LD_RUNPATH_SEARCH_PATHS = (
					"$(inherited)",
					"@executable_path/Frameworks",
				);
				PRODUCT_BUNDLE_IDENTIFIER = com.rileytestut.AltStore;
				PRODUCT_NAME = "$(TARGET_NAME)";
				SWIFT_VERSION = 5.0;
				TARGETED_DEVICE_FAMILY = "1,2";
			};
			name = Debug;
		};
		BFD247802284B9A700981D42 /* Release */ = {
			isa = XCBuildConfiguration;
			buildSettings = {
				ASSETCATALOG_COMPILER_APPICON_NAME = AppIcon;
				CODE_SIGN_STYLE = Automatic;
				DEVELOPMENT_TEAM = 6XVY5G3U44;
				INFOPLIST_FILE = AltStore/Info.plist;
				LD_RUNPATH_SEARCH_PATHS = (
					"$(inherited)",
					"@executable_path/Frameworks",
				);
				PRODUCT_BUNDLE_IDENTIFIER = com.rileytestut.AltStore;
				PRODUCT_NAME = "$(TARGET_NAME)";
				SWIFT_VERSION = 5.0;
				TARGETED_DEVICE_FAMILY = "1,2";
			};
			name = Release;
		};
/* End XCBuildConfiguration section */

/* Begin XCConfigurationList section */
		BFD247652284B9A500981D42 /* Build configuration list for PBXProject "AltStore" */ = {
			isa = XCConfigurationList;
			buildConfigurations = (
				BFD2477C2284B9A700981D42 /* Debug */,
				BFD2477D2284B9A700981D42 /* Release */,
			);
			defaultConfigurationIsVisible = 0;
			defaultConfigurationName = Release;
		};
		BFD2477E2284B9A700981D42 /* Build configuration list for PBXNativeTarget "AltStore" */ = {
			isa = XCConfigurationList;
			buildConfigurations = (
				BFD2477F2284B9A700981D42 /* Debug */,
				BFD247802284B9A700981D42 /* Release */,
			);
			defaultConfigurationIsVisible = 0;
			defaultConfigurationName = Release;
		};
/* End XCConfigurationList section */

/* Begin XCVersionGroup section */
		BFBBE2DB22931B20002097FA /* AltStore.xcdatamodeld */ = {
			isa = XCVersionGroup;
			children = (
				BFBBE2DC22931B20002097FA /* AltStore.xcdatamodel */,
			);
			currentVersion = BFBBE2DC22931B20002097FA /* AltStore.xcdatamodel */;
			path = AltStore.xcdatamodeld;
			sourceTree = "<group>";
			versionGroupType = wrapper.xcdatamodel;
		};
/* End XCVersionGroup section */
	};
	rootObject = BFD247622284B9A500981D42 /* Project object */;
}
